{"version":4,"terraform_version":"1.8.3","serial":20,"lineage":"52632565-3fb3-03d2-5e43-bf8cf2dc3d33","outputs":{},"resources":[{"mode":"data","type":"aws_availability_zones","name":"available","provider":"provider[\"registry.opentofu.org/hashicorp/aws\"]","instances":[{"schema_version":0,"attributes":{"all_availability_zones":null,"exclude_names":null,"exclude_zone_ids":null,"filter":null,"group_names":["us-west-1"],"id":"us-west-1","names":["us-west-1a","us-west-1c"],"state":"available","timeouts":null,"zone_ids":["usw1-az1","usw1-az3"]},"sensitive_attributes":[]}]},{"mode":"managed","type":"aws_efs_file_system","name":"stw_node_efs","provider":"provider[\"registry.opentofu.org/hashicorp/aws\"]","instances":[{"schema_version":0,"attributes":{"arn":"arn:aws:elasticfilesystem:us-west-1:368085106192:file-system/fs-00a8c9a9e5166bc02","availability_zone_id":"","availability_zone_name":"","creation_token":"efs-for-stw-node","dns_name":"fs-00a8c9a9e5166bc02.efs.us-west-1.amazonaws.com","encrypted":false,"id":"fs-00a8c9a9e5166bc02","kms_key_id":"","lifecycle_policy":[],"number_of_mount_targets":0,"owner_id":"368085106192","performance_mode":"generalPurpose","provisioned_throughput_in_mibps":0,"size_in_bytes":[{"value":6144,"value_in_ia":0,"value_in_standard":6144}],"tags":null,"tags_all":{},"throughput_mode":"bursting"},"sensitive_attributes":[],"private":"bnVsbA=="}]},{"mode":"managed","type":"aws_efs_mount_target","name":"stw_node_efs_mt_0","provider":"provider[\"registry.opentofu.org/hashicorp/aws\"]","instances":[{"schema_version":0,"attributes":{"availability_zone_id":"usw1-az1","availability_zone_name":"us-west-1a","dns_name":"fs-00a8c9a9e5166bc02.efs.us-west-1.amazonaws.com","file_system_arn":"arn:aws:elasticfilesystem:us-west-1:368085106192:file-system/fs-00a8c9a9e5166bc02","file_system_id":"fs-00a8c9a9e5166bc02","id":"fsmt-09024c178ce10bc20","ip_address":"10.0.3.50","mount_target_dns_name":"us-west-1a.fs-00a8c9a9e5166bc02.efs.us-west-1.amazonaws.com","network_interface_id":"eni-0d422bf60ae96f5e7","owner_id":"368085106192","security_groups":["sg-0d694263034f646eb"],"subnet_id":"subnet-0e2f5ab43f0e3149e","timeouts":null},"sensitive_attributes":[],"private":"eyJlMmJmYjczMC1lY2FhLTExZTYtOGY4OC0zNDM2M2JjN2M0YzAiOnsiY3JlYXRlIjoxODAwMDAwMDAwMDAwLCJkZWxldGUiOjYwMDAwMDAwMDAwMH19","dependencies":["aws_efs_file_system.stw_node_efs","aws_security_group.allow_nfs","data.aws_availability_zones.available","module.vpc.aws_subnet.private","module.vpc.aws_vpc.this","module.vpc.aws_vpc_ipv4_cidr_block_association.this"]}]},{"mode":"managed","type":"aws_efs_mount_target","name":"stw_node_efs_mt_1","provider":"provider[\"registry.opentofu.org/hashicorp/aws\"]","instances":[{"schema_version":0,"attributes":{"availability_zone_id":"usw1-az3","availability_zone_name":"us-west-1c","dns_name":"fs-00a8c9a9e5166bc02.efs.us-west-1.amazonaws.com","file_system_arn":"arn:aws:elasticfilesystem:us-west-1:368085106192:file-system/fs-00a8c9a9e5166bc02","file_system_id":"fs-00a8c9a9e5166bc02","id":"fsmt-0a110c4a71ac1a740","ip_address":"10.0.7.172","mount_target_dns_name":"us-west-1c.fs-00a8c9a9e5166bc02.efs.us-west-1.amazonaws.com","network_interface_id":"eni-078f00aa73b63ab91","owner_id":"368085106192","security_groups":["sg-0d694263034f646eb"],"subnet_id":"subnet-0de2cfd578cd9e9c7","timeouts":null},"sensitive_attributes":[],"private":"eyJlMmJmYjczMC1lY2FhLTExZTYtOGY4OC0zNDM2M2JjN2M0YzAiOnsiY3JlYXRlIjoxODAwMDAwMDAwMDAwLCJkZWxldGUiOjYwMDAwMDAwMDAwMH19","dependencies":["aws_efs_file_system.stw_node_efs","aws_security_group.allow_nfs","data.aws_availability_zones.available","module.vpc.aws_subnet.private","module.vpc.aws_vpc.this","module.vpc.aws_vpc_ipv4_cidr_block_association.this"]}]},{"mode":"managed","type":"aws_security_group","name":"allow_nfs","provider":"provider[\"registry.opentofu.org/hashicorp/aws\"]","instances":[{"schema_version":1,"attributes":{"arn":"arn:aws:ec2:us-west-1:368085106192:security-group/sg-0d694263034f646eb","description":"Allow NFS inbound traffic","egress":[{"cidr_blocks":["0.0.0.0/0"],"description":"","from_port":0,"ipv6_cidr_blocks":["::/0"],"prefix_list_ids":[],"protocol":"-1","security_groups":[],"self":false,"to_port":0}],"id":"sg-0d694263034f646eb","ingress":[{"cidr_blocks":["10.0.0.0/16"],"description":"NFS from VPC","from_port":2049,"ipv6_cidr_blocks":[],"prefix_list_ids":[],"protocol":"tcp","security_groups":[],"self":false,"to_port":2049}],"name":"allow nfs for efs","name_prefix":"","owner_id":"368085106192","revoke_rules_on_delete":false,"tags":null,"tags_all":{},"timeouts":null,"vpc_id":"vpc-0de1b4f686ccac9d6"},"sensitive_attributes":[],"private":"eyJlMmJmYjczMC1lY2FhLTExZTYtOGY4OC0zNDM2M2JjN2M0YzAiOnsiY3JlYXRlIjo2MDAwMDAwMDAwMDAsImRlbGV0ZSI6OTAwMDAwMDAwMDAwfSwic2NoZW1hX3ZlcnNpb24iOiIxIn0=","dependencies":["module.vpc.aws_vpc.this"]}]},{"mode":"managed","type":"helm_release","name":"aws_efs_csi_driver","provider":"provider[\"registry.opentofu.org/hashicorp/helm\"]","instances":[{"schema_version":1,"attributes":{"atomic":false,"chart":"aws-efs-csi-driver","cleanup_on_fail":false,"create_namespace":false,"dependency_update":false,"description":null,"devel":null,"disable_crd_hooks":false,"disable_openapi_validation":false,"disable_webhooks":false,"force_update":false,"id":"aws-efs-csi-driver","keyring":null,"lint":false,"manifest":null,"max_history":0,"metadata":[{"app_version":"2.0.7","chart":"aws-efs-csi-driver","first_deployed":1729632094,"last_deployed":1729632094,"name":"aws-efs-csi-driver","namespace":"kube-system","notes":"To verify that aws-efs-csi-driver has started, run:\n\n    kubectl get pod -n kube-system -l \"app.kubernetes.io/name=aws-efs-csi-driver,app.kubernetes.io/instance=aws-efs-csi-driver\"\n","revision":1,"values":"{\"controller\":{\"serviceAccount\":{\"annotations\":{\"eks.amazonaws.com/role-arn\":\"arn:aws:iam::368085106192:role/efs-csi\"},\"create\":true,\"name\":\"efs-csi-controller-sa\"}},\"image\":{\"repository\":\"602401143452.dkr.ecr.us-east-1.amazonaws.com/eks/aws-efs-csi-driver\"}}","version":"3.0.8"}],"name":"aws-efs-csi-driver","namespace":"kube-system","pass_credentials":false,"postrender":[],"recreate_pods":false,"render_subchart_notes":true,"replace":false,"repository":"https://kubernetes-sigs.github.io/aws-efs-csi-driver/","repository_ca_file":null,"repository_cert_file":null,"repository_key_file":null,"repository_password":null,"repository_username":null,"reset_values":false,"reuse_values":false,"set":[{"name":"controller.serviceAccount.annotations.eks\\.amazonaws\\.com/role-arn","type":"","value":"arn:aws:iam::368085106192:role/efs-csi"},{"name":"controller.serviceAccount.create","type":"","value":"true"},{"name":"controller.serviceAccount.name","type":"","value":"efs-csi-controller-sa"},{"name":"image.repository","type":"","value":"602401143452.dkr.ecr.us-east-1.amazonaws.com/eks/aws-efs-csi-driver"}],"set_list":[],"set_sensitive":[],"skip_crds":false,"status":"deployed","timeout":300,"upgrade_install":null,"values":null,"verify":false,"version":"3.0.8","wait":true,"wait_for_jobs":false},"sensitive_attributes":[[{"type":"get_attr","value":"repository_password"}]],"private":"eyJzY2hlbWFfdmVyc2lvbiI6IjEifQ==","dependencies":["data.aws_availability_zones.available","module.attach_efs_csi_role.aws_iam_role.this","module.attach_efs_csi_role.data.aws_caller_identity.current","module.attach_efs_csi_role.data.aws_iam_policy_document.this","module.attach_efs_csi_role.data.aws_partition.current","module.eks.aws_cloudwatch_log_group.this","module.eks.aws_eks_cluster.this","module.eks.aws_iam_openid_connect_provider.oidc_provider","module.eks.aws_iam_policy.cni_ipv6_policy","module.eks.aws_iam_role.this","module.eks.aws_iam_role_policy_attachment.this","module.eks.aws_security_group.cluster","module.eks.aws_security_group.node","module.eks.aws_security_group_rule.cluster","module.eks.aws_security_group_rule.node","module.eks.data.aws_caller_identity.current","module.eks.data.aws_iam_policy_document.assume_role_policy","module.eks.data.aws_iam_policy_document.cni_ipv6_policy","module.eks.data.aws_iam_session_context.current","module.eks.data.aws_partition.current","module.eks.data.tls_certificate.this","module.eks.module.kms.aws_kms_external_key.this","module.eks.module.kms.aws_kms_key.this","module.eks.module.kms.aws_kms_replica_external_key.this","module.eks.module.kms.aws_kms_replica_key.this","module.eks.module.kms.data.aws_caller_identity.current","module.eks.module.kms.data.aws_iam_policy_document.this","module.eks.module.kms.data.aws_partition.current","module.vpc.aws_subnet.private","module.vpc.aws_vpc.this","module.vpc.aws_vpc_ipv4_cidr_block_association.this"]}]},{"module":"module.attach_efs_csi_role","mode":"data","type":"aws_caller_identity","name":"current","provider":"provider[\"registry.opentofu.org/hashicorp/aws\"]","instances":[{"schema_version":0,"attributes":{"account_id":"368085106192","arn":"arn:aws:iam::368085106192:user/terraform-admin","id":"368085106192","user_id":"AIDAVLM4U7YIOWI46B5DW"},"sensitive_attributes":[]}]},{"module":"module.attach_efs_csi_role","mode":"data","type":"aws_iam_policy_document","name":"efs_csi","provider":"provider[\"registry.opentofu.org/hashicorp/aws\"]","instances":[{"index_key":0,"schema_version":0,"attributes":{"id":"1388141326","json":"{\n  \"Version\": \"2012-10-17\",\n  \"Statement\": [\n    {\n      \"Sid\": \"\",\n      \"Effect\": \"Allow\",\n      \"Action\": [\n        \"elasticfilesystem:DescribeMountTargets\",\n        \"elasticfilesystem:DescribeFileSystems\",\n        \"elasticfilesystem:DescribeAccessPoints\",\n        \"ec2:DescribeAvailabilityZones\"\n      ],\n      \"Resource\": \"*\"\n    },\n    {\n      \"Sid\": \"\",\n      \"Effect\": \"Allow\",\n      \"Action\": \"elasticfilesystem:CreateAccessPoint\",\n      \"Resource\": \"*\",\n      \"Condition\": {\n        \"StringLike\": {\n          \"aws:RequestTag/efs.csi.aws.com/cluster\": \"true\"\n        }\n      }\n    },\n    {\n      \"Sid\": \"\",\n      \"Effect\": \"Allow\",\n      \"Action\": \"elasticfilesystem:TagResource\",\n      \"Resource\": \"*\",\n      \"Condition\": {\n        \"StringLike\": {\n          \"aws:RequestTag/efs.csi.aws.com/cluster\": \"true\"\n        }\n      }\n    },\n    {\n      \"Sid\": \"\",\n      \"Effect\": \"Allow\",\n      \"Action\": \"elasticfilesystem:DeleteAccessPoint\",\n      \"Resource\": \"*\",\n      \"Condition\": {\n        \"StringEquals\": {\n          \"aws:ResourceTag/efs.csi.aws.com/cluster\": \"true\"\n        }\n      }\n    }\n  ]\n}","override_json":null,"override_policy_documents":null,"policy_id":null,"source_json":null,"source_policy_documents":null,"statement":[{"actions":["ec2:DescribeAvailabilityZones","elasticfilesystem:DescribeAccessPoints","elasticfilesystem:DescribeFileSystems","elasticfilesystem:DescribeMountTargets"],"condition":[],"effect":"Allow","not_actions":[],"not_principals":[],"not_resources":[],"principals":[],"resources":["*"],"sid":""},{"actions":["elasticfilesystem:CreateAccessPoint"],"condition":[{"test":"StringLike","values":["true"],"variable":"aws:RequestTag/efs.csi.aws.com/cluster"}],"effect":"Allow","not_actions":[],"not_principals":[],"not_resources":[],"principals":[],"resources":["*"],"sid":""},{"actions":["elasticfilesystem:TagResource"],"condition":[{"test":"StringLike","values":["true"],"variable":"aws:RequestTag/efs.csi.aws.com/cluster"}],"effect":"Allow","not_actions":[],"not_principals":[],"not_resources":[],"principals":[],"resources":["*"],"sid":""},{"actions":["elasticfilesystem:DeleteAccessPoint"],"condition":[{"test":"StringEquals","values":["true"],"variable":"aws:ResourceTag/efs.csi.aws.com/cluster"}],"effect":"Allow","not_actions":[],"not_principals":[],"not_resources":[],"principals":[],"resources":["*"],"sid":""}],"version":"2012-10-17"},"sensitive_attributes":[]}]},{"module":"module.attach_efs_csi_role","mode":"data","type":"aws_iam_policy_document","name":"this","provider":"provider[\"registry.opentofu.org/hashicorp/aws\"]","instances":[{"index_key":0,"schema_version":0,"attributes":{"id":"3382846478","json":"{\n  \"Version\": \"2012-10-17\",\n  \"Statement\": [\n    {\n      \"Sid\": \"\",\n      \"Effect\": \"Allow\",\n      \"Action\": \"sts:AssumeRoleWithWebIdentity\",\n      \"Principal\": {\n        \"Federated\": \"arn:aws:iam::368085106192:oidc-provider/oidc.eks.us-west-1.amazonaws.com/id/793D057C71518D02818A3CC41DE6C85F\"\n      },\n      \"Condition\": {\n        \"StringEquals\": {\n          \"oidc.eks.us-west-1.amazonaws.com/id/793D057C71518D02818A3CC41DE6C85F:aud\": \"sts.amazonaws.com\",\n          \"oidc.eks.us-west-1.amazonaws.com/id/793D057C71518D02818A3CC41DE6C85F:sub\": \"system:serviceaccount:kube-system:efs-csi-controller-sa\"\n        }\n      }\n    }\n  ]\n}","override_json":null,"override_policy_documents":null,"policy_id":null,"source_json":null,"source_policy_documents":null,"statement":[{"actions":["sts:AssumeRoleWithWebIdentity"],"condition":[{"test":"StringEquals","values":["sts.amazonaws.com"],"variable":"oidc.eks.us-west-1.amazonaws.com/id/793D057C71518D02818A3CC41DE6C85F:aud"},{"test":"StringEquals","values":["system:serviceaccount:kube-system:efs-csi-controller-sa"],"variable":"oidc.eks.us-west-1.amazonaws.com/id/793D057C71518D02818A3CC41DE6C85F:sub"}],"effect":"Allow","not_actions":[],"not_principals":[],"not_resources":[],"principals":[{"identifiers":["arn:aws:iam::368085106192:oidc-provider/oidc.eks.us-west-1.amazonaws.com/id/793D057C71518D02818A3CC41DE6C85F"],"type":"Federated"}],"resources":[],"sid":""}],"version":"2012-10-17"},"sensitive_attributes":[]}]},{"module":"module.attach_efs_csi_role","mode":"data","type":"aws_partition","name":"current","provider":"provider[\"registry.opentofu.org/hashicorp/aws\"]","instances":[{"schema_version":0,"attributes":{"dns_suffix":"amazonaws.com","id":"aws","partition":"aws","reverse_dns_prefix":"com.amazonaws"},"sensitive_attributes":[]}]},{"module":"module.attach_efs_csi_role","mode":"data","type":"aws_region","name":"current","provider":"provider[\"registry.opentofu.org/hashicorp/aws\"]","instances":[{"schema_version":0,"attributes":{"description":"US West (N. California)","endpoint":"ec2.us-west-1.amazonaws.com","id":"us-west-1","name":"us-west-1"},"sensitive_attributes":[]}]},{"module":"module.attach_efs_csi_role","mode":"managed","type":"aws_iam_policy","name":"efs_csi","provider":"provider[\"registry.opentofu.org/hashicorp/aws\"]","instances":[{"index_key":0,"schema_version":0,"attributes":{"arn":"arn:aws:iam::368085106192:policy/AmazonEKS_EFS_CSI_Policy-20241022211301546000000003","description":"Provides permissions to manage EFS volumes via the container storage interface driver","id":"arn:aws:iam::368085106192:policy/AmazonEKS_EFS_CSI_Policy-20241022211301546000000003","name":"AmazonEKS_EFS_CSI_Policy-20241022211301546000000003","name_prefix":"AmazonEKS_EFS_CSI_Policy-","path":"/","policy":"{\"Statement\":[{\"Action\":[\"elasticfilesystem:DescribeMountTargets\",\"elasticfilesystem:DescribeFileSystems\",\"elasticfilesystem:DescribeAccessPoints\",\"ec2:DescribeAvailabilityZones\"],\"Effect\":\"Allow\",\"Resource\":\"*\",\"Sid\":\"\"},{\"Action\":\"elasticfilesystem:CreateAccessPoint\",\"Condition\":{\"StringLike\":{\"aws:RequestTag/efs.csi.aws.com/cluster\":\"true\"}},\"Effect\":\"Allow\",\"Resource\":\"*\",\"Sid\":\"\"},{\"Action\":\"elasticfilesystem:TagResource\",\"Condition\":{\"StringLike\":{\"aws:RequestTag/efs.csi.aws.com/cluster\":\"true\"}},\"Effect\":\"Allow\",\"Resource\":\"*\",\"Sid\":\"\"},{\"Action\":\"elasticfilesystem:DeleteAccessPoint\",\"Condition\":{\"StringEquals\":{\"aws:ResourceTag/efs.csi.aws.com/cluster\":\"true\"}},\"Effect\":\"Allow\",\"Resource\":\"*\",\"Sid\":\"\"}],\"Version\":\"2012-10-17\"}","policy_id":"ANPAVLM4U7YIOCOW4V3RP","tags":null,"tags_all":{}},"sensitive_attributes":[],"private":"bnVsbA==","dependencies":["module.attach_efs_csi_role.data.aws_iam_policy_document.efs_csi"]}]},{"module":"module.attach_efs_csi_role","mode":"managed","type":"aws_iam_role","name":"this","provider":"provider[\"registry.opentofu.org/hashicorp/aws\"]","instances":[{"index_key":0,"schema_version":0,"attributes":{"arn":"arn:aws:iam::368085106192:role/efs-csi","assume_role_policy":"{\"Statement\":[{\"Action\":\"sts:AssumeRoleWithWebIdentity\",\"Condition\":{\"StringEquals\":{\"oidc.eks.us-west-1.amazonaws.com/id/793D057C71518D02818A3CC41DE6C85F:aud\":\"sts.amazonaws.com\",\"oidc.eks.us-west-1.amazonaws.com/id/793D057C71518D02818A3CC41DE6C85F:sub\":\"system:serviceaccount:kube-system:efs-csi-controller-sa\"}},\"Effect\":\"Allow\",\"Principal\":{\"Federated\":\"arn:aws:iam::368085106192:oidc-provider/oidc.eks.us-west-1.amazonaws.com/id/793D057C71518D02818A3CC41DE6C85F\"},\"Sid\":\"\"}],\"Version\":\"2012-10-17\"}","create_date":"2024-10-22T21:21:31Z","description":"","force_detach_policies":true,"id":"efs-csi","inline_policy":[],"managed_policy_arns":[],"max_session_duration":3600,"name":"efs-csi","name_prefix":"","path":"/","permissions_boundary":null,"role_last_used":[{"last_used_date":"","region":""}],"tags":null,"tags_all":{},"unique_id":"AROAVLM4U7YIHNEXZKSPA"},"sensitive_attributes":[],"private":"bnVsbA==","dependencies":["data.aws_availability_zones.available","module.attach_efs_csi_role.data.aws_caller_identity.current","module.attach_efs_csi_role.data.aws_iam_policy_document.this","module.attach_efs_csi_role.data.aws_partition.current","module.eks.aws_cloudwatch_log_group.this","module.eks.aws_eks_cluster.this","module.eks.aws_iam_openid_connect_provider.oidc_provider","module.eks.aws_iam_policy.cni_ipv6_policy","module.eks.aws_iam_role.this","module.eks.aws_iam_role_policy_attachment.this","module.eks.aws_security_group.cluster","module.eks.aws_security_group.node","module.eks.aws_security_group_rule.cluster","module.eks.aws_security_group_rule.node","module.eks.data.aws_caller_identity.current","module.eks.data.aws_iam_policy_document.assume_role_policy","module.eks.data.aws_iam_policy_document.cni_ipv6_policy","module.eks.data.aws_iam_session_context.current","module.eks.data.aws_partition.current","module.eks.data.tls_certificate.this","module.eks.module.kms.aws_kms_external_key.this","module.eks.module.kms.aws_kms_key.this","module.eks.module.kms.aws_kms_replica_external_key.this","module.eks.module.kms.aws_kms_replica_key.this","module.eks.module.kms.data.aws_caller_identity.current","module.eks.module.kms.data.aws_iam_policy_document.this","module.eks.module.kms.data.aws_partition.current","module.vpc.aws_subnet.private","module.vpc.aws_vpc.this","module.vpc.aws_vpc_ipv4_cidr_block_association.this"]}]},{"module":"module.attach_efs_csi_role","mode":"managed","type":"aws_iam_role_policy_attachment","name":"efs_csi","provider":"provider[\"registry.opentofu.org/hashicorp/aws\"]","instances":[{"index_key":0,"schema_version":0,"attributes":{"id":"efs-csi-20241022212130731700000015","policy_arn":"arn:aws:iam::368085106192:policy/AmazonEKS_EFS_CSI_Policy-20241022211301546000000003","role":"efs-csi"},"sensitive_attributes":[],"private":"bnVsbA==","dependencies":["data.aws_availability_zones.available","module.attach_efs_csi_role.aws_iam_policy.efs_csi","module.attach_efs_csi_role.aws_iam_role.this","module.attach_efs_csi_role.data.aws_caller_identity.current","module.attach_efs_csi_role.data.aws_iam_policy_document.efs_csi","module.attach_efs_csi_role.data.aws_iam_policy_document.this","module.attach_efs_csi_role.data.aws_partition.current","module.eks.aws_cloudwatch_log_group.this","module.eks.aws_eks_cluster.this","module.eks.aws_iam_openid_connect_provider.oidc_provider","module.eks.aws_iam_policy.cni_ipv6_policy","module.eks.aws_iam_role.this","module.eks.aws_iam_role_policy_attachment.this","module.eks.aws_security_group.cluster","module.eks.aws_security_group.node","module.eks.aws_security_group_rule.cluster","module.eks.aws_security_group_rule.node","module.eks.data.aws_caller_identity.current","module.eks.data.aws_iam_policy_document.assume_role_policy","module.eks.data.aws_iam_policy_document.cni_ipv6_policy","module.eks.data.aws_iam_session_context.current","module.eks.data.aws_partition.current","module.eks.data.tls_certificate.this","module.eks.module.kms.aws_kms_external_key.this","module.eks.module.kms.aws_kms_key.this","module.eks.module.kms.aws_kms_replica_external_key.this","module.eks.module.kms.aws_kms_replica_key.this","module.eks.module.kms.data.aws_caller_identity.current","module.eks.module.kms.data.aws_iam_policy_document.this","module.eks.module.kms.data.aws_partition.current","module.vpc.aws_subnet.private","module.vpc.aws_vpc.this","module.vpc.aws_vpc_ipv4_cidr_block_association.this"]}]},{"module":"module.eks","mode":"data","type":"aws_caller_identity","name":"current","provider":"provider[\"registry.opentofu.org/hashicorp/aws\"]","instances":[{"schema_version":0,"attributes":{"account_id":"368085106192","arn":"arn:aws:iam::368085106192:user/terraform-admin","id":"368085106192","user_id":"AIDAVLM4U7YIOWI46B5DW"},"sensitive_attributes":[]}]},{"module":"module.eks","mode":"data","type":"aws_eks_addon_version","name":"this","provider":"provider[\"registry.opentofu.org/hashicorp/aws\"]","instances":[{"index_key":"kube-proxy","schema_version":0,"attributes":{"addon_name":"kube-proxy","id":"kube-proxy","kubernetes_version":"1.31","most_recent":true,"version":"v1.31.0-eksbuild.5"},"sensitive_attributes":[]},{"index_key":"vpc-cni","schema_version":0,"attributes":{"addon_name":"vpc-cni","id":"vpc-cni","kubernetes_version":"1.31","most_recent":true,"version":"v1.18.5-eksbuild.1"},"sensitive_attributes":[]}]},{"module":"module.eks","mode":"data","type":"aws_iam_policy_document","name":"assume_role_policy","provider":"provider[\"registry.opentofu.org/hashicorp/aws\"]","instances":[{"index_key":0,"schema_version":0,"attributes":{"id":"2764486067","json":"{\n  \"Version\": \"2012-10-17\",\n  \"Statement\": [\n    {\n      \"Sid\": \"EKSClusterAssumeRole\",\n      \"Effect\": \"Allow\",\n      \"Action\": \"sts:AssumeRole\",\n      \"Principal\": {\n        \"Service\": \"eks.amazonaws.com\"\n      }\n    }\n  ]\n}","override_json":null,"override_policy_documents":null,"policy_id":null,"source_json":null,"source_policy_documents":null,"statement":[{"actions":["sts:AssumeRole"],"condition":[],"effect":"Allow","not_actions":[],"not_principals":[],"not_resources":[],"principals":[{"identifiers":["eks.amazonaws.com"],"type":"Service"}],"resources":[],"sid":"EKSClusterAssumeRole"}],"version":"2012-10-17"},"sensitive_attributes":[]}]},{"module":"module.eks","mode":"data","type":"aws_iam_session_context","name":"current","provider":"provider[\"registry.opentofu.org/hashicorp/aws\"]","instances":[{"schema_version":0,"attributes":{"arn":"arn:aws:iam::368085106192:user/terraform-admin","id":"arn:aws:iam::368085106192:user/terraform-admin","issuer_arn":"arn:aws:iam::368085106192:user/terraform-admin","issuer_id":"","issuer_name":"","session_name":""},"sensitive_attributes":[]}]},{"module":"module.eks","mode":"data","type":"aws_partition","name":"current","provider":"provider[\"registry.opentofu.org/hashicorp/aws\"]","instances":[{"schema_version":0,"attributes":{"dns_suffix":"amazonaws.com","id":"aws","partition":"aws","reverse_dns_prefix":"com.amazonaws"},"sensitive_attributes":[]}]},{"module":"module.eks","mode":"data","type":"tls_certificate","name":"this","provider":"provider[\"registry.opentofu.org/hashicorp/tls\"]","instances":[{"index_key":0,"schema_version":0,"attributes":{"certificates":[{"cert_pem":"-----BEGIN CERTIFICATE-----\nMIIEdTCCA12gAwIBAgIJAKcOSkw0grd/MA0GCSqGSIb3DQEBCwUAMGgxCzAJBgNV\nBAYTAlVTMSUwIwYDVQQKExxTdGFyZmllbGQgVGVjaG5vbG9naWVzLCBJbmMuMTIw\nMAYDVQQLEylTdGFyZmllbGQgQ2xhc3MgMiBDZXJ0aWZpY2F0aW9uIEF1dGhvcml0\neTAeFw0wOTA5MDIwMDAwMDBaFw0zNDA2MjgxNzM5MTZaMIGYMQswCQYDVQQGEwJV\nUzEQMA4GA1UECBMHQXJpem9uYTETMBEGA1UEBxMKU2NvdHRzZGFsZTElMCMGA1UE\nChMcU3RhcmZpZWxkIFRlY2hub2xvZ2llcywgSW5jLjE7MDkGA1UEAxMyU3RhcmZp\nZWxkIFNlcnZpY2VzIFJvb3QgQ2VydGlmaWNhdGUgQXV0aG9yaXR5IC0gRzIwggEi\nMA0GCSqGSIb3DQEBAQUAA4IBDwAwggEKAoIBAQDVDDrEKvlO4vW+GZdfjohTsR8/\ny8+fIBNtKTrID30892t2OGPZNmCom15cAICyL1l/9of5JUOG52kbUpqQ4XHj2C0N\nTm/2yEnZtvMaVq4rtnQU68/7JuMauh2WLmo7WJSJR1b/JaCTcFOD2oR0FMNnngRo\nOt+OQFodSk7PQ5E751bWAHDLUu57fa4657wx+UX2wmDPE1kCK4DMNEffud6QZW0C\nzyyRpqbn3oUYSXxmTqM6bam17jQuug0DuDPfR+uxa40l2ZvOgdFFRjKWcIfeAg5J\nQ4W2bHO7ZOphQazJ1FTfhy/HIrImzJ9ZVGif/L4qL8RVHHVAYBeFAlU5i38FAgMB\nAAGjgfAwge0wDwYDVR0TAQH/BAUwAwEB/zAOBgNVHQ8BAf8EBAMCAYYwHQYDVR0O\nBBYEFJxfAN+qAdcwKziIorhtSpzyEZGDMB8GA1UdIwQYMBaAFL9ft9HO3R+G9FtV\nrNzXEMIOqYjnME8GCCsGAQUFBwEBBEMwQTAcBggrBgEFBQcwAYYQaHR0cDovL28u\nc3MyLnVzLzAhBggrBgEFBQcwAoYVaHR0cDovL3guc3MyLnVzL3guY2VyMCYGA1Ud\nHwQfMB0wG6AZoBeGFWh0dHA6Ly9zLnNzMi51cy9yLmNybDARBgNVHSAECjAIMAYG\nBFUdIAAwDQYJKoZIhvcNAQELBQADggEBACMd44pXyn3pF3lM8R5V/cxTbj5HD9/G\nVfKyBDbtgB9TxF00KGu+x1X8Z+rLP3+QsjPNG1gQggL4+C/1E2DUBc7xgQjB3ad1\nl08YuW3e95ORCLp+QCztweq7dp4zBncdDQh/U90bZKuCJ/Fp1U1ervShw3WnWEQt\n8jxwmKy6abaVd38PMV4s/KCHOkdp8Hlf9BRUpJVeEXgSYCfOn8J3/yNTd126/+pZ\n59vPr5KW7ySaNRB6nJHGDn2Z9j8Z3/VyVOEVqQdZe4O/Ui5GjLIAZHYcSNPYeehu\nVsyuLAOQ1xk4meTKCRlb/weWsKh/NEnfVqn3sF/tM+2MR7cwA130A4w=\n-----END CERTIFICATE-----\n","is_ca":true,"issuer":"OU=Starfield Class 2 Certification Authority,O=Starfield Technologies\\, Inc.,C=US","not_after":"2034-06-28T17:39:16Z","not_before":"2009-09-02T00:00:00Z","public_key_algorithm":"RSA","serial_number":"12037640545166866303","sha1_fingerprint":"9e99a48a9960b14926bb7f3b02e22da2b0ab7280","signature_algorithm":"SHA256-RSA","subject":"CN=Starfield Services Root Certificate Authority - G2,O=Starfield Technologies\\, Inc.,L=Scottsdale,ST=Arizona,C=US","version":3},{"cert_pem":"-----BEGIN CERTIFICATE-----\nMIIEkjCCA3qgAwIBAgITBn+USionzfP6wq4rAfkI7rnExjANBgkqhkiG9w0BAQsF\nADCBmDELMAkGA1UEBhMCVVMxEDAOBgNVBAgTB0FyaXpvbmExEzARBgNVBAcTClNj\nb3R0c2RhbGUxJTAjBgNVBAoTHFN0YXJmaWVsZCBUZWNobm9sb2dpZXMsIEluYy4x\nOzA5BgNVBAMTMlN0YXJmaWVsZCBTZXJ2aWNlcyBSb290IENlcnRpZmljYXRlIEF1\ndGhvcml0eSAtIEcyMB4XDTE1MDUyNTEyMDAwMFoXDTM3MTIzMTAxMDAwMFowOTEL\nMAkGA1UEBhMCVVMxDzANBgNVBAoTBkFtYXpvbjEZMBcGA1UEAxMQQW1hem9uIFJv\nb3QgQ0EgMTCCASIwDQYJKoZIhvcNAQEBBQADggEPADCCAQoCggEBALJ4gHHKeNXj\nca9HgFB0fW7Y14h29Jlo91ghYPl0hAEvrAIthtOgQ3pOsqTQNroBvo3bSMgHFzZM\n9O6II8c+6zf1tRn4SWiw3te5djgdYZ6k/oI2peVKVuRF4fn9tBb6dNqcmzU5L/qw\nIFAGbHrQgLKm+a/sRxmPUDgH3KKHOVj4utWp+UhnMJbulHheb4mjUcAwhmahRWa6\nVOujw5H5SNz/0egwLX0tdHA114gk957EWW67c4cX8jJGKLhD+rcdqsq08p8kDi1L\n93FcXmn/6pUCyziKrlA4b9v7LWIbxcceVOF34GfID5yHI9Y/QCB/IIDEgEw+OyQm\njgSubJrIqg0CAwEAAaOCATEwggEtMA8GA1UdEwEB/wQFMAMBAf8wDgYDVR0PAQH/\nBAQDAgGGMB0GA1UdDgQWBBSEGMyFNOy8DJSULghZnMeyEE4KCDAfBgNVHSMEGDAW\ngBScXwDfqgHXMCs4iKK4bUqc8hGRgzB4BggrBgEFBQcBAQRsMGowLgYIKwYBBQUH\nMAGGImh0dHA6Ly9vY3NwLnJvb3RnMi5hbWF6b250cnVzdC5jb20wOAYIKwYBBQUH\nMAKGLGh0dHA6Ly9jcnQucm9vdGcyLmFtYXpvbnRydXN0LmNvbS9yb290ZzIuY2Vy\nMD0GA1UdHwQ2MDQwMqAwoC6GLGh0dHA6Ly9jcmwucm9vdGcyLmFtYXpvbnRydXN0\nLmNvbS9yb290ZzIuY3JsMBEGA1UdIAQKMAgwBgYEVR0gADANBgkqhkiG9w0BAQsF\nAAOCAQEAYjdCXLwQtT6LLOkMm2xF4gcAevnFWAu5CIw+7bMlPLVvUOTNNWqnkzSW\nMiGpSESrnO09tKpzbeR/FoCJbM8oAxiDR3mjEH4wW6w7sGDgd9QIpuEdfF7Au/ma\neyKdpwAJfqxGF4PcnCZXmTA5YpaP7dreqsXMGz7KQ2hsVxa81Q4gLv7/wmpdLqBK\nbRRYh5TmOTFffHPLkIhqhBGWJ6bt2YFGpn6jcgAKUj6DiAdjd4lpFw85hdKrCEVN\n0FE6/V1dN2RMfjCyVSRCnTawXZwXgWHxyvkQAiSr6w10kY17RSlQOYiypok1JR4U\nakcjMS9cmvqtmg5iUaQqqcT5NJ0hGA==\n-----END CERTIFICATE-----\n","is_ca":true,"issuer":"CN=Starfield Services Root Certificate Authority - G2,O=Starfield Technologies\\, Inc.,L=Scottsdale,ST=Arizona,C=US","not_after":"2037-12-31T01:00:00Z","not_before":"2015-05-25T12:00:00Z","public_key_algorithm":"RSA","serial_number":"144918191876577076464031512351042010504348870","sha1_fingerprint":"06b25927c42a721631c1efd9431e648fa62e1e39","signature_algorithm":"SHA256-RSA","subject":"CN=Amazon Root CA 1,O=Amazon,C=US","version":3},{"cert_pem":"-----BEGIN CERTIFICATE-----\nMIIEXjCCA0agAwIBAgITB3MSTNQG0mfAmRzdKZqfODF5hTANBgkqhkiG9w0BAQsF\nADA5MQswCQYDVQQGEwJVUzEPMA0GA1UEChMGQW1hem9uMRkwFwYDVQQDExBBbWF6\nb24gUm9vdCBDQSAxMB4XDTIyMDgyMzIyMjYwNFoXDTMwMDgyMzIyMjYwNFowPDEL\nMAkGA1UEBhMCVVMxDzANBgNVBAoTBkFtYXpvbjEcMBoGA1UEAxMTQW1hem9uIFJT\nQSAyMDQ4IE0wMzCCASIwDQYJKoZIhvcNAQEBBQADggEPADCCAQoCggEBALd/pVko\n8vuM475Tf45HV3BbCl/B9Jy89G1CRkFjcPY06WA9lS+7dWbUA7GtWUKoksr69hKM\nwcMsNpxlw7b3jeXFgxB09/nmalcAWtnLzF+LaDKEA5DQmvKzuh1nfIfqEiKCQSmX\nXh09Xs+dO7cm5qbaL2hhNJCSAejciwcvOFgFNgEMR42wm6KIFHsQW28jhA+1u/M0\np6fVwReuEgZfLfdx82Px0LJck3lST3EB/JfbdsdOzzzg5YkY1dfuqf8y5fUeZ7Cz\nWXbTjujwX/TovmeWKA36VLCz75azW6tDNuDn66FOpADZZ9omVaF6BqNJiLMVl6P3\n/c0OiUMC6Z5OfKcCAwEAAaOCAVowggFWMBIGA1UdEwEB/wQIMAYBAf8CAQAwDgYD\nVR0PAQH/BAQDAgGGMB0GA1UdJQQWMBQGCCsGAQUFBwMBBggrBgEFBQcDAjAdBgNV\nHQ4EFgQUVdkYX9IczAHhWLS+q9lVQgHXLgIwHwYDVR0jBBgwFoAUhBjMhTTsvAyU\nlC4IWZzHshBOCggwewYIKwYBBQUHAQEEbzBtMC8GCCsGAQUFBzABhiNodHRwOi8v\nb2NzcC5yb290Y2ExLmFtYXpvbnRydXN0LmNvbTA6BggrBgEFBQcwAoYuaHR0cDov\nL2NydC5yb290Y2ExLmFtYXpvbnRydXN0LmNvbS9yb290Y2ExLmNlcjA/BgNVHR8E\nODA2MDSgMqAwhi5odHRwOi8vY3JsLnJvb3RjYTEuYW1hem9udHJ1c3QuY29tL3Jv\nb3RjYTEuY3JsMBMGA1UdIAQMMAowCAYGZ4EMAQIBMA0GCSqGSIb3DQEBCwUAA4IB\nAQAGjeWm2cC+3z2MzSCnte46/7JZvj3iQZDY7EvODNdZF41n71Lrk9kbfNwerK0d\nVNzW36Wefr7j7ZSwBVg50W5ay65jNSN74TTQV1yt4WnSbVvN6KlMs1hiyOZdoHKs\nKDV2UGNxbdoBYCQNa2GYF8FQIWLugNp35aSOpMy6cFlymFQomIrnOQHwK1nvVY4q\nxDSJMU/gNJz17D8ArPN3ngnyZ2TwepJ0uBINz3G5te2rdFUF4i4Y3Bb7FUlHDYm4\nu8aIRGpk2ZpfXmxaoxnbIBZRvGLPSUuPwnwoUOMsJ8jirI5vs2dvchPb7MtI1rle\ni02f2ivH2vxkjDLltSpe2fiC\n-----END CERTIFICATE-----\n","is_ca":true,"issuer":"CN=Amazon Root CA 1,O=Amazon,C=US","not_after":"2030-08-23T22:26:04Z","not_before":"2022-08-23T22:26:04Z","public_key_algorithm":"RSA","serial_number":"166129356476704345391986644047206454194698629","sha1_fingerprint":"d9fe0a65fa00cabf61f5120d373a8135e1461f15","signature_algorithm":"SHA256-RSA","subject":"CN=Amazon RSA 2048 M03,O=Amazon,C=US","version":3},{"cert_pem":"-----BEGIN CERTIFICATE-----\nMIIF5jCCBM6gAwIBAgIQDjc2BPfW918zZOrKmpJQCjANBgkqhkiG9w0BAQsFADA8\nMQswCQYDVQQGEwJVUzEPMA0GA1UEChMGQW1hem9uMRwwGgYDVQQDExNBbWF6b24g\nUlNBIDIwNDggTTAzMB4XDTI0MDQwMTAwMDAwMFoXDTI1MDQzMDIzNTk1OVowKDEm\nMCQGA1UEAwwdKi5la3MudXMtd2VzdC0xLmFtYXpvbmF3cy5jb20wggEiMA0GCSqG\nSIb3DQEBAQUAA4IBDwAwggEKAoIBAQC5JLuNYsjGLy+u701QVAXAFzN/f5zDl1R4\np5b2D6Jn++mQEn9Urx2o0GtuwLyYIc2f5HXFE4I6TmNbBQHyvbYVPpUfQxDfHqZF\nYPdY9iqPkMHJPY4pqo8fscmU2EXhn4ZBo7bkT1yzmQO+KNkwUU33KksNynfHtdgr\nR2DHU+E3Dp5CfYd3UaMXP6ZhfnM3aXADRdrmiLq8Ab1ZBSOqcKdc47ap6swx1Y5B\nbF6neS7+WIOKIDTUxTK2oh4wqn8MDKHF+GuywxYvXF7WMH0PBW6OvdLHjAEjHPTa\n9LjheF1Shv40u9l7Igylqmkl5RCb1JtNap8BheI4Rz5DE7kAF6XBAgMBAAGjggL2\nMIIC8jAfBgNVHSMEGDAWgBRV2Rhf0hzMAeFYtL6r2VVCAdcuAjAdBgNVHQ4EFgQU\nzD6ORtpsG7Nc3G0pCbtQ7Ka2fcswKAYDVR0RBCEwH4IdKi5la3MudXMtd2VzdC0x\nLmFtYXpvbmF3cy5jb20wEwYDVR0gBAwwCjAIBgZngQwBAgEwDgYDVR0PAQH/BAQD\nAgWgMB0GA1UdJQQWMBQGCCsGAQUFBwMBBggrBgEFBQcDAjA7BgNVHR8ENDAyMDCg\nLqAshipodHRwOi8vY3JsLnIybTAzLmFtYXpvbnRydXN0LmNvbS9yMm0wMy5jcmww\ndQYIKwYBBQUHAQEEaTBnMC0GCCsGAQUFBzABhiFodHRwOi8vb2NzcC5yMm0wMy5h\nbWF6b250cnVzdC5jb20wNgYIKwYBBQUHMAKGKmh0dHA6Ly9jcnQucjJtMDMuYW1h\nem9udHJ1c3QuY29tL3IybTAzLmNlcjAMBgNVHRMBAf8EAjAAMIIBfgYKKwYBBAHW\neQIEAgSCAW4EggFqAWgAdwDPEVbu1S58r/OHW9lpLpvpGnFnSrAX7KwB0lt3zsw7\nCAAAAY6a6m+TAAAEAwBIMEYCIQDlFSkWxmV6XCXQ50BCzclWnKV4xgYHguRnj57Y\n0dOdEQIhANMeBK+AQRFAgX4cVk/E58i0hYK8XIqiU+p2xq4jkSt0AHUAfVkeEuF4\nKnscYWd8Xv340IdcFKBOlZ65Ay/ZDowuebgAAAGOmupvcAAABAMARjBEAiB6pRUP\nohxWIdmVzGlKesuSSwso/p8uAahlrnwMiOR6OQIgAKBp437MCN0bAEaEu6/H5/8f\nyU60Enrrt579oRZIwvgAdgDm0jFjQHeMwRBBBtdxuc7B0kD2loSG+7qHMh39HjeO\nUAAAAY6a6m9rAAAEAwBHMEUCIHa9xEoZC8PBopG2kVWIV32LVi7YlDkN8mvHJtW3\nW3AMAiEA+jK7fvPUwouCgZv7/ZUqvylhFrf9Na9vaCce+Wnpu/swDQYJKoZIhvcN\nAQELBQADggEBAFKFjEp99EoJXdBtKeU0Y+Yh1S2O+H4Nd6tSaGl7Jufq3iOPnmh5\nIGXhbRNrqZ2I5NQj4gG9NitNY0gzV6pfFPuwNbSWtghRX65iKHPuZe9U8EN+rZQn\nz1I+ffWfi/qtSOeSDLNk7Ykhz6dPWe6wW14aSR2ltbC5dhiaz4sL8sdBRQJ1aTGe\nH7VygKIVxeP3TDVrIAvdWvLEceUEOcR8OOK8qo8mzgDcjHcTGBC6VBbxxvWNqqAU\n1f/eniLNXfzuyh5YrU9WZdm1Nwlv/XU76Dv7FayOfLb2ShJ6Q1MM4pTgBCNDB5AV\nwOsevSppjaaX3b/WPuiZuIFF6h/AnW1WI0w=\n-----END CERTIFICATE-----\n","is_ca":false,"issuer":"CN=Amazon RSA 2048 M03,O=Amazon,C=US","not_after":"2025-04-30T23:59:59Z","not_before":"2024-04-01T00:00:00Z","public_key_algorithm":"RSA","serial_number":"18895863911942160719417781040463368202","sha1_fingerprint":"5bdb3c8200e45f02adf7ced98237290b15338d57","signature_algorithm":"SHA256-RSA","subject":"CN=*.eks.us-west-1.amazonaws.com","version":3}],"content":null,"id":"6869123266832e3ef379611fda867372ab842837","url":"https://oidc.eks.us-west-1.amazonaws.com/id/793D057C71518D02818A3CC41DE6C85F","verify_chain":true},"sensitive_attributes":[]}]},{"module":"module.eks","mode":"managed","type":"aws_cloudwatch_log_group","name":"this","provider":"provider[\"registry.opentofu.org/hashicorp/aws\"]","instances":[{"index_key":0,"schema_version":0,"attributes":{"arn":"arn:aws:logs:us-west-1:368085106192:log-group:/aws/eks/stw-cluster/cluster","id":"/aws/eks/stw-cluster/cluster","kms_key_id":"","name":"/aws/eks/stw-cluster/cluster","name_prefix":"","retention_in_days":90,"skip_destroy":false,"tags":{"Name":"/aws/eks/stw-cluster/cluster"},"tags_all":{"Name":"/aws/eks/stw-cluster/cluster"}},"sensitive_attributes":[],"private":"bnVsbA==","create_before_destroy":true}]},{"module":"module.eks","mode":"managed","type":"aws_eks_addon","name":"before_compute","provider":"provider[\"registry.opentofu.org/hashicorp/aws\"]","instances":[{"index_key":"vpc-cni","schema_version":0,"attributes":{"addon_name":"vpc-cni","addon_version":"v1.18.5-eksbuild.1","arn":"arn:aws:eks:us-west-1:368085106192:addon/stw-cluster/vpc-cni/d6c95b0d-9fae-d321-2f75-3c5ea949466d","cluster_name":"stw-cluster","configuration_values":"{\"env\":{\"ENABLE_PREFIX_DELEGATION\":\"true\",\"WARM_PREFIX_TARGET\":\"1\"}}","created_at":"2024-10-22T21:21:32Z","id":"stw-cluster:vpc-cni","modified_at":"2024-10-22T21:21:39Z","preserve":null,"resolve_conflicts":"OVERWRITE","service_account_role_arn":"arn:aws:iam::368085106192:role/VPC-CNI-IRSA20241022212130230200000013","tags":null,"tags_all":{},"timeouts":{"create":null,"delete":null,"update":null}},"sensitive_attributes":[],"private":"eyJlMmJmYjczMC1lY2FhLTExZTYtOGY4OC0zNDM2M2JjN2M0YzAiOnsiY3JlYXRlIjoxMjAwMDAwMDAwMDAwLCJkZWxldGUiOjI0MDAwMDAwMDAwMDAsInVwZGF0ZSI6MTIwMDAwMDAwMDAwMH19","dependencies":["data.aws_availability_zones.available","module.eks.aws_cloudwatch_log_group.this","module.eks.aws_eks_cluster.this","module.eks.aws_iam_openid_connect_provider.oidc_provider","module.eks.aws_iam_policy.cni_ipv6_policy","module.eks.aws_iam_role.this","module.eks.aws_iam_role_policy_attachment.this","module.eks.aws_security_group.cluster","module.eks.aws_security_group.node","module.eks.aws_security_group_rule.cluster","module.eks.aws_security_group_rule.node","module.eks.data.aws_caller_identity.current","module.eks.data.aws_eks_addon_version.this","module.eks.data.aws_iam_policy_document.assume_role_policy","module.eks.data.aws_iam_policy_document.cni_ipv6_policy","module.eks.data.aws_iam_session_context.current","module.eks.data.aws_partition.current","module.eks.data.tls_certificate.this","module.eks.module.kms.aws_kms_external_key.this","module.eks.module.kms.aws_kms_key.this","module.eks.module.kms.aws_kms_replica_external_key.this","module.eks.module.kms.aws_kms_replica_key.this","module.eks.module.kms.data.aws_caller_identity.current","module.eks.module.kms.data.aws_iam_policy_document.this","module.eks.module.kms.data.aws_partition.current","module.vpc.aws_subnet.private","module.vpc.aws_vpc.this","module.vpc.aws_vpc_ipv4_cidr_block_association.this","module.vpc_cni_irsa.aws_iam_role.this","module.vpc_cni_irsa.data.aws_caller_identity.current","module.vpc_cni_irsa.data.aws_iam_policy_document.this","module.vpc_cni_irsa.data.aws_partition.current"]}]},{"module":"module.eks","mode":"managed","type":"aws_eks_addon","name":"this","provider":"provider[\"registry.opentofu.org/hashicorp/aws\"]","instances":[{"index_key":"kube-proxy","schema_version":0,"attributes":{"addon_name":"kube-proxy","addon_version":"v1.31.0-eksbuild.5","arn":"arn:aws:eks:us-west-1:368085106192:addon/stw-cluster/kube-proxy/24c95b0e-add3-e6c8-7509-a17d997bb04f","cluster_name":"stw-cluster","configuration_values":"","created_at":"2024-10-22T21:23:50Z","id":"stw-cluster:kube-proxy","modified_at":"2024-10-22T21:24:27Z","preserve":null,"resolve_conflicts":"OVERWRITE","service_account_role_arn":"","tags":null,"tags_all":{},"timeouts":{"create":null,"delete":null,"update":null}},"sensitive_attributes":[],"private":"eyJlMmJmYjczMC1lY2FhLTExZTYtOGY4OC0zNDM2M2JjN2M0YzAiOnsiY3JlYXRlIjoxMjAwMDAwMDAwMDAwLCJkZWxldGUiOjI0MDAwMDAwMDAwMDAsInVwZGF0ZSI6MTIwMDAwMDAwMDAwMH19","dependencies":["data.aws_availability_zones.available","module.eks.aws_cloudwatch_log_group.this","module.eks.aws_eks_cluster.this","module.eks.aws_iam_openid_connect_provider.oidc_provider","module.eks.aws_iam_policy.cni_ipv6_policy","module.eks.aws_iam_role.this","module.eks.aws_iam_role_policy_attachment.this","module.eks.aws_security_group.cluster","module.eks.aws_security_group.node","module.eks.aws_security_group_rule.cluster","module.eks.aws_security_group_rule.node","module.eks.data.aws_caller_identity.current","module.eks.data.aws_eks_addon_version.this","module.eks.data.aws_iam_policy_document.assume_role_policy","module.eks.data.aws_iam_policy_document.cni_ipv6_policy","module.eks.data.aws_iam_session_context.current","module.eks.data.aws_partition.current","module.eks.data.tls_certificate.this","module.eks.module.eks_managed_node_group.aws_autoscaling_schedule.this","module.eks.module.eks_managed_node_group.aws_eks_node_group.this","module.eks.module.eks_managed_node_group.aws_iam_role.this","module.eks.module.eks_managed_node_group.aws_iam_role_policy_attachment.additional","module.eks.module.eks_managed_node_group.aws_iam_role_policy_attachment.this","module.eks.module.eks_managed_node_group.aws_launch_template.this","module.eks.module.eks_managed_node_group.data.aws_caller_identity.current","module.eks.module.eks_managed_node_group.data.aws_iam_policy_document.assume_role_policy","module.eks.module.eks_managed_node_group.data.aws_partition.current","module.eks.module.eks_managed_node_group.module.user_data.data.cloudinit_config.linux_eks_managed_node_group","module.eks.module.fargate_profile.aws_eks_fargate_profile.this","module.eks.module.fargate_profile.aws_iam_role.this","module.eks.module.fargate_profile.aws_iam_role_policy_attachment.additional","module.eks.module.fargate_profile.aws_iam_role_policy_attachment.this","module.eks.module.fargate_profile.data.aws_caller_identity.current","module.eks.module.fargate_profile.data.aws_iam_policy_document.assume_role_policy","module.eks.module.fargate_profile.data.aws_partition.current","module.eks.module.kms.aws_kms_external_key.this","module.eks.module.kms.aws_kms_key.this","module.eks.module.kms.aws_kms_replica_external_key.this","module.eks.module.kms.aws_kms_replica_key.this","module.eks.module.kms.data.aws_caller_identity.current","module.eks.module.kms.data.aws_iam_policy_document.this","module.eks.module.kms.data.aws_partition.current","module.eks.module.self_managed_node_group.aws_autoscaling_group.this","module.eks.module.self_managed_node_group.aws_autoscaling_schedule.this","module.eks.module.self_managed_node_group.aws_iam_instance_profile.this","module.eks.module.self_managed_node_group.aws_iam_role.this","module.eks.module.self_managed_node_group.aws_iam_role_policy_attachment.additional","module.eks.module.self_managed_node_group.aws_iam_role_policy_attachment.this","module.eks.module.self_managed_node_group.aws_launch_template.this","module.eks.module.self_managed_node_group.data.aws_ami.eks_default","module.eks.module.self_managed_node_group.data.aws_caller_identity.current","module.eks.module.self_managed_node_group.data.aws_iam_policy_document.assume_role_policy","module.eks.module.self_managed_node_group.data.aws_partition.current","module.eks.module.self_managed_node_group.module.user_data.data.cloudinit_config.linux_eks_managed_node_group","module.eks.time_sleep.this","module.vpc.aws_subnet.private","module.vpc.aws_vpc.this","module.vpc.aws_vpc_ipv4_cidr_block_association.this","module.vpc_cni_irsa.aws_iam_role.this","module.vpc_cni_irsa.data.aws_caller_identity.current","module.vpc_cni_irsa.data.aws_iam_policy_document.this","module.vpc_cni_irsa.data.aws_partition.current"]}]},{"module":"module.eks","mode":"managed","type":"aws_eks_cluster","name":"this","provider":"provider[\"registry.opentofu.org/hashicorp/aws\"]","instances":[{"index_key":0,"schema_version":0,"attributes":{"arn":"arn:aws:eks:us-west-1:368085106192:cluster/stw-cluster","certificate_authority":[{"data":"LS0tLS1CRUdJTiBDRVJUSUZJQ0FURS0tLS0tCk1JSURCVENDQWUyZ0F3SUJBZ0lJZnR6MnRWc3JhRkl3RFFZSktvWklodmNOQVFFTEJRQXdGVEVUTUJFR0ExVUUKQXhNS2EzVmlaWEp1WlhSbGN6QWVGdzB5TkRFd01qSXlNVEV5TVRsYUZ3MHpOREV3TWpBeU1URTNNVGxhTUJVeApFekFSQmdOVkJBTVRDbXQxWW1WeWJtVjBaWE13Z2dFaU1BMEdDU3FHU0liM0RRRUJBUVVBQTRJQkR3QXdnZ0VLCkFvSUJBUUM5M1F4d0kvU1dpU3dPNndHOFRlMXpmTVQwa1AwTE5UVGZxb0ZRcTV1ZXpwRHM2dUJTYXA4akQ4V2gKRG9PNHdUTythck5UcnFZNVlvdVVkdlp1MEtNY3VQczg0MGR0Q2NaZ1d4aEdMU0pqK0R5aW9pbjI2VnZKR09iNQoxZlQ3TzFPWGFPSFNjZkNQejRON0g3djkzdGhadithSVJZU1htRzI1bkp5ZmxDK0NORUEzK1hpbGJaQXQwNkZpClRJT0pGZUNIWmxoUHJPd05mTTJZeEpnMVduSStVb0ZkQWhZdUE5MEdNQmdqV3FKTmJwWnVBN0IrU1JlRTRscXkKakFPMUUyWG11ajZSSk9Fd3RUTFNjdVBicE5yM2FucytNR0VFbmpxelViWFpQSHYrZGpPT2lkbU5aVW5kZmF0ZwpoK20wSDQyZjM4NlltRklQdnQvc0NqMUh3VkRKQWdNQkFBR2pXVEJYTUE0R0ExVWREd0VCL3dRRUF3SUNwREFQCkJnTlZIUk1CQWY4RUJUQURBUUgvTUIwR0ExVWREZ1FXQkJTejZEOUxtZGRwblJpWHVJQ1ZrK3VmOGc3NGF6QVYKQmdOVkhSRUVEakFNZ2dwcmRXSmxjbTVsZEdWek1BMEdDU3FHU0liM0RRRUJDd1VBQTRJQkFRQWRXQ013bTdwYgpPaHgvRTR6c3NuSDgyTnBHaHRuaGRuMU52MitvODVxSGVTQndiaVNWUnFKYW5lUnBVYVlaVUhLRlNoeUh0aWt5CnJkOTVEQnJEZGJxSFdsMW5EeXZWbmRpK0E2Nk9mcWIrcDJOdnAwYzhuUHNCVHZ6OFAzMnVPTE9vTEVqM2xVdVoKOEg4OVYrZk9UTFI0VGQ0enl0V2UyRG5GRDI1ZXpMbHhNbTJzQ2w3SUl4WTRGUnNjMk05QlBsUjQrM3MrUVVVaQpnM1h2LzVEL0FxMStRdDRCZmdtZG0rcDZwLzBKTmxISWd0ZWpaZkpCRnZuZ2V4UHd1Nmt5dG5Xb01PNEtMSHBGCmcxVjN2NmV0YmdWaVdrNFdUdytFWUFSUEhFdVpEQkdnM2JGejltVnZtVm85YVlwOVpKdVFHTzR1ZnlVQ1FuWWMKZS9WVWZpWDF1Sm5BCi0tLS0tRU5EIENFUlRJRklDQVRFLS0tLS0K"}],"cluster_id":null,"created_at":"2024-10-22 21:13:26.306 +0000 UTC","enabled_cluster_log_types":["api","audit","authenticator"],"encryption_config":[{"provider":[{"key_arn":"arn:aws:kms:us-west-1:368085106192:key/08931490-e556-424e-bc3c-8be32c0aefd5"}],"resources":["secrets"]}],"endpoint":"https://793D057C71518D02818A3CC41DE6C85F.yl4.us-west-1.eks.amazonaws.com","id":"stw-cluster","identity":[{"oidc":[{"issuer":"https://oidc.eks.us-west-1.amazonaws.com/id/793D057C71518D02818A3CC41DE6C85F"}]}],"kubernetes_network_config":[{"ip_family":"ipv4","service_ipv4_cidr":"172.20.0.0/16","service_ipv6_cidr":""}],"name":"stw-cluster","outpost_config":[],"platform_version":"eks.6","role_arn":"arn:aws:iam::368085106192:role/stw-cluster-cluster-20241022211301545400000002","status":"ACTIVE","tags":null,"tags_all":{},"timeouts":{"create":null,"delete":null,"update":null},"version":"1.31","vpc_config":[{"cluster_security_group_id":"sg-05bbb7d26ed92688d","endpoint_private_access":true,"endpoint_public_access":true,"public_access_cidrs":["0.0.0.0/0"],"security_group_ids":["sg-066eeb510831bb54c"],"subnet_ids":["subnet-07bd17cec07a00789","subnet-0de2cfd578cd9e9c7","subnet-0e2f5ab43f0e3149e"],"vpc_id":"vpc-0de1b4f686ccac9d6"}]},"sensitive_attributes":[],"private":"eyJlMmJmYjczMC1lY2FhLTExZTYtOGY4OC0zNDM2M2JjN2M0YzAiOnsiY3JlYXRlIjoxODAwMDAwMDAwMDAwLCJkZWxldGUiOjkwMDAwMDAwMDAwMCwidXBkYXRlIjozNjAwMDAwMDAwMDAwfX0=","dependencies":["data.aws_availability_zones.available","module.eks.aws_cloudwatch_log_group.this","module.eks.aws_iam_policy.cni_ipv6_policy","module.eks.aws_iam_role.this","module.eks.aws_iam_role_policy_attachment.this","module.eks.aws_security_group.cluster","module.eks.aws_security_group.node","module.eks.aws_security_group_rule.cluster","module.eks.aws_security_group_rule.node","module.eks.data.aws_caller_identity.current","module.eks.data.aws_iam_policy_document.assume_role_policy","module.eks.data.aws_iam_policy_document.cni_ipv6_policy","module.eks.data.aws_iam_session_context.current","module.eks.data.aws_partition.current","module.eks.module.kms.aws_kms_external_key.this","module.eks.module.kms.aws_kms_key.this","module.eks.module.kms.aws_kms_replica_external_key.this","module.eks.module.kms.aws_kms_replica_key.this","module.eks.module.kms.data.aws_caller_identity.current","module.eks.module.kms.data.aws_iam_policy_document.this","module.eks.module.kms.data.aws_partition.current","module.vpc.aws_subnet.private","module.vpc.aws_vpc.this","module.vpc.aws_vpc_ipv4_cidr_block_association.this"],"create_before_destroy":true}]},{"module":"module.eks","mode":"managed","type":"aws_iam_openid_connect_provider","name":"oidc_provider","provider":"provider[\"registry.opentofu.org/hashicorp/aws\"]","instances":[{"index_key":0,"schema_version":0,"attributes":{"arn":"arn:aws:iam::368085106192:oidc-provider/oidc.eks.us-west-1.amazonaws.com/id/793D057C71518D02818A3CC41DE6C85F","client_id_list":["sts.amazonaws.com"],"id":"arn:aws:iam::368085106192:oidc-provider/oidc.eks.us-west-1.amazonaws.com/id/793D057C71518D02818A3CC41DE6C85F","tags":{"Name":"stw-cluster-eks-irsa"},"tags_all":{"Name":"stw-cluster-eks-irsa"},"thumbprint_list":["9e99a48a9960b14926bb7f3b02e22da2b0ab7280"],"url":"oidc.eks.us-west-1.amazonaws.com/id/793D057C71518D02818A3CC41DE6C85F"},"sensitive_attributes":[],"private":"bnVsbA==","dependencies":["data.aws_availability_zones.available","module.eks.aws_cloudwatch_log_group.this","module.eks.aws_eks_cluster.this","module.eks.aws_iam_policy.cni_ipv6_policy","module.eks.aws_iam_role.this","module.eks.aws_iam_role_policy_attachment.this","module.eks.aws_security_group.cluster","module.eks.aws_security_group.node","module.eks.aws_security_group_rule.cluster","module.eks.aws_security_group_rule.node","module.eks.data.aws_caller_identity.current","module.eks.data.aws_iam_policy_document.assume_role_policy","module.eks.data.aws_iam_policy_document.cni_ipv6_policy","module.eks.data.aws_iam_session_context.current","module.eks.data.aws_partition.current","module.eks.data.tls_certificate.this","module.eks.module.kms.aws_kms_external_key.this","module.eks.module.kms.aws_kms_key.this","module.eks.module.kms.aws_kms_replica_external_key.this","module.eks.module.kms.aws_kms_replica_key.this","module.eks.module.kms.data.aws_caller_identity.current","module.eks.module.kms.data.aws_iam_policy_document.this","module.eks.module.kms.data.aws_partition.current","module.vpc.aws_subnet.private","module.vpc.aws_vpc.this","module.vpc.aws_vpc_ipv4_cidr_block_association.this"]}]},{"module":"module.eks","mode":"managed","type":"aws_iam_policy","name":"cluster_encryption","provider":"provider[\"registry.opentofu.org/hashicorp/aws\"]","instances":[{"index_key":0,"schema_version":0,"attributes":{"arn":"arn:aws:iam::368085106192:policy/stw-cluster-cluster-ClusterEncryption20241022211320893300000011","description":"Cluster encryption policy to allow cluster role to utilize CMK provided","id":"arn:aws:iam::368085106192:policy/stw-cluster-cluster-ClusterEncryption20241022211320893300000011","name":"stw-cluster-cluster-ClusterEncryption20241022211320893300000011","name_prefix":"stw-cluster-cluster-ClusterEncryption","path":"/","policy":"{\"Statement\":[{\"Action\":[\"kms:Encrypt\",\"kms:Decrypt\",\"kms:ListGrants\",\"kms:DescribeKey\"],\"Effect\":\"Allow\",\"Resource\":\"arn:aws:kms:us-west-1:368085106192:key/08931490-e556-424e-bc3c-8be32c0aefd5\"}],\"Version\":\"2012-10-17\"}","policy_id":"ANPAVLM4U7YIEISTAZVDT","tags":null,"tags_all":{}},"sensitive_attributes":[],"private":"bnVsbA==","dependencies":["module.eks.aws_iam_role.this","module.eks.data.aws_caller_identity.current","module.eks.data.aws_iam_policy_document.assume_role_policy","module.eks.data.aws_iam_session_context.current","module.eks.data.aws_partition.current","module.eks.module.kms.aws_kms_external_key.this","module.eks.module.kms.aws_kms_key.this","module.eks.module.kms.aws_kms_replica_external_key.this","module.eks.module.kms.aws_kms_replica_key.this","module.eks.module.kms.data.aws_caller_identity.current","module.eks.module.kms.data.aws_iam_policy_document.this","module.eks.module.kms.data.aws_partition.current"]}]},{"module":"module.eks","mode":"managed","type":"aws_iam_role","name":"this","provider":"provider[\"registry.opentofu.org/hashicorp/aws\"]","instances":[{"index_key":0,"schema_version":0,"attributes":{"arn":"arn:aws:iam::368085106192:role/stw-cluster-cluster-20241022211301545400000002","assume_role_policy":"{\"Statement\":[{\"Action\":\"sts:AssumeRole\",\"Effect\":\"Allow\",\"Principal\":{\"Service\":\"eks.amazonaws.com\"},\"Sid\":\"EKSClusterAssumeRole\"}],\"Version\":\"2012-10-17\"}","create_date":"2024-10-22T21:13:02Z","description":"","force_detach_policies":true,"id":"stw-cluster-cluster-20241022211301545400000002","inline_policy":[{"name":"stw-cluster-cluster","policy":"{\"Version\":\"2012-10-17\",\"Statement\":[{\"Action\":[\"logs:CreateLogGroup\"],\"Effect\":\"Deny\",\"Resource\":\"*\"}]}"}],"managed_policy_arns":[],"max_session_duration":3600,"name":"stw-cluster-cluster-20241022211301545400000002","name_prefix":"stw-cluster-cluster-","path":"/","permissions_boundary":null,"role_last_used":[{"last_used_date":"","region":""}],"tags":null,"tags_all":{},"unique_id":"AROAVLM4U7YIPKNGGJN2U"},"sensitive_attributes":[],"private":"bnVsbA==","dependencies":["module.eks.data.aws_iam_policy_document.assume_role_policy","module.eks.data.aws_partition.current"],"create_before_destroy":true}]},{"module":"module.eks","mode":"managed","type":"aws_iam_role_policy_attachment","name":"cluster_encryption","provider":"provider[\"registry.opentofu.org/hashicorp/aws\"]","instances":[{"index_key":0,"schema_version":0,"attributes":{"id":"stw-cluster-cluster-20241022211301545400000002-20241022211321186200000012","policy_arn":"arn:aws:iam::368085106192:policy/stw-cluster-cluster-ClusterEncryption20241022211320893300000011","role":"stw-cluster-cluster-20241022211301545400000002"},"sensitive_attributes":[],"private":"bnVsbA==","dependencies":["module.eks.aws_iam_policy.cluster_encryption","module.eks.aws_iam_role.this","module.eks.data.aws_caller_identity.current","module.eks.data.aws_iam_policy_document.assume_role_policy","module.eks.data.aws_iam_session_context.current","module.eks.data.aws_partition.current","module.eks.module.kms.aws_kms_external_key.this","module.eks.module.kms.aws_kms_key.this","module.eks.module.kms.aws_kms_replica_external_key.this","module.eks.module.kms.aws_kms_replica_key.this","module.eks.module.kms.data.aws_caller_identity.current","module.eks.module.kms.data.aws_iam_policy_document.this","module.eks.module.kms.data.aws_partition.current"]}]},{"module":"module.eks","mode":"managed","type":"aws_iam_role_policy_attachment","name":"this","provider":"provider[\"registry.opentofu.org/hashicorp/aws\"]","instances":[{"index_key":"AmazonEKSClusterPolicy","schema_version":0,"attributes":{"id":"stw-cluster-cluster-20241022211301545400000002-20241022211302582600000005","policy_arn":"arn:aws:iam::aws:policy/AmazonEKSClusterPolicy","role":"stw-cluster-cluster-20241022211301545400000002"},"sensitive_attributes":[],"private":"bnVsbA==","dependencies":["module.eks.aws_iam_role.this","module.eks.data.aws_iam_policy_document.assume_role_policy","module.eks.data.aws_partition.current"],"create_before_destroy":true},{"index_key":"AmazonEKSVPCResourceController","schema_version":0,"attributes":{"id":"stw-cluster-cluster-20241022211301545400000002-20241022211302456200000004","policy_arn":"arn:aws:iam::aws:policy/AmazonEKSVPCResourceController","role":"stw-cluster-cluster-20241022211301545400000002"},"sensitive_attributes":[],"private":"bnVsbA==","dependencies":["module.eks.aws_iam_role.this","module.eks.data.aws_iam_policy_document.assume_role_policy","module.eks.data.aws_partition.current"],"create_before_destroy":true}]},{"module":"module.eks","mode":"managed","type":"aws_security_group","name":"cluster","provider":"provider[\"registry.opentofu.org/hashicorp/aws\"]","instances":[{"index_key":0,"schema_version":1,"attributes":{"arn":"arn:aws:ec2:us-west-1:368085106192:security-group/sg-066eeb510831bb54c","description":"EKS cluster security group","egress":[],"id":"sg-066eeb510831bb54c","ingress":[],"name":"stw-cluster-cluster-20241022211315257900000006","name_prefix":"stw-cluster-cluster-","owner_id":"368085106192","revoke_rules_on_delete":false,"tags":{"Name":"stw-cluster-cluster"},"tags_all":{"Name":"stw-cluster-cluster"},"timeouts":null,"vpc_id":"vpc-0de1b4f686ccac9d6"},"sensitive_attributes":[],"private":"eyJlMmJmYjczMC1lY2FhLTExZTYtOGY4OC0zNDM2M2JjN2M0YzAiOnsiY3JlYXRlIjo2MDAwMDAwMDAwMDAsImRlbGV0ZSI6OTAwMDAwMDAwMDAwfSwic2NoZW1hX3ZlcnNpb24iOiIxIn0=","dependencies":["module.vpc.aws_vpc.this"],"create_before_destroy":true}]},{"module":"module.eks","mode":"managed","type":"aws_security_group","name":"node","provider":"provider[\"registry.opentofu.org/hashicorp/aws\"]","instances":[{"index_key":0,"schema_version":1,"attributes":{"arn":"arn:aws:ec2:us-west-1:368085106192:security-group/sg-0efb6239e4535b215","description":"EKS node shared security group","egress":[],"id":"sg-0efb6239e4535b215","ingress":[],"name":"stw-cluster-node-20241022211315262100000007","name_prefix":"stw-cluster-node-","owner_id":"368085106192","revoke_rules_on_delete":false,"tags":{"Name":"stw-cluster-node","kubernetes.io/cluster/stw-cluster":"owned"},"tags_all":{"Name":"stw-cluster-node","kubernetes.io/cluster/stw-cluster":"owned"},"timeouts":null,"vpc_id":"vpc-0de1b4f686ccac9d6"},"sensitive_attributes":[],"private":"eyJlMmJmYjczMC1lY2FhLTExZTYtOGY4OC0zNDM2M2JjN2M0YzAiOnsiY3JlYXRlIjo2MDAwMDAwMDAwMDAsImRlbGV0ZSI6OTAwMDAwMDAwMDAwfSwic2NoZW1hX3ZlcnNpb24iOiIxIn0=","dependencies":["module.vpc.aws_vpc.this"],"create_before_destroy":true}]},{"module":"module.eks","mode":"managed","type":"aws_security_group_rule","name":"cluster","provider":"provider[\"registry.opentofu.org/hashicorp/aws\"]","instances":[{"index_key":"ingress_nodes_443","schema_version":2,"attributes":{"cidr_blocks":null,"description":"Node groups to cluster API","from_port":443,"id":"sgrule-2507882605","ipv6_cidr_blocks":null,"prefix_list_ids":null,"protocol":"tcp","security_group_id":"sg-066eeb510831bb54c","security_group_rule_id":"sgr-0bb259dae10bfd7d5","self":false,"source_security_group_id":"sg-0efb6239e4535b215","timeouts":null,"to_port":443,"type":"ingress"},"sensitive_attributes":[],"private":"eyJlMmJmYjczMC1lY2FhLTExZTYtOGY4OC0zNDM2M2JjN2M0YzAiOnsiY3JlYXRlIjozMDAwMDAwMDAwMDB9LCJzY2hlbWFfdmVyc2lvbiI6IjIifQ==","dependencies":["module.eks.aws_security_group.cluster","module.eks.aws_security_group.node","module.vpc.aws_vpc.this"],"create_before_destroy":true}]},{"module":"module.eks","mode":"managed","type":"aws_security_group_rule","name":"node","provider":"provider[\"registry.opentofu.org/hashicorp/aws\"]","instances":[{"index_key":"egress_all","schema_version":2,"attributes":{"cidr_blocks":["0.0.0.0/0"],"description":"Allow all egress","from_port":0,"id":"sgrule-2961993279","ipv6_cidr_blocks":null,"prefix_list_ids":[],"protocol":"-1","security_group_id":"sg-0efb6239e4535b215","security_group_rule_id":"sgr-082d032e4a8b6b611","self":false,"source_security_group_id":null,"timeouts":null,"to_port":0,"type":"egress"},"sensitive_attributes":[],"private":"eyJlMmJmYjczMC1lY2FhLTExZTYtOGY4OC0zNDM2M2JjN2M0YzAiOnsiY3JlYXRlIjozMDAwMDAwMDAwMDB9LCJzY2hlbWFfdmVyc2lvbiI6IjIifQ==","dependencies":["module.eks.aws_security_group.cluster","module.eks.aws_security_group.node","module.vpc.aws_vpc.this"],"create_before_destroy":true},{"index_key":"ingress_cluster_443","schema_version":2,"attributes":{"cidr_blocks":null,"description":"Cluster API to node groups","from_port":443,"id":"sgrule-3759584917","ipv6_cidr_blocks":null,"prefix_list_ids":[],"protocol":"tcp","security_group_id":"sg-0efb6239e4535b215","security_group_rule_id":"sgr-05dc39d2739dd583f","self":false,"source_security_group_id":"sg-066eeb510831bb54c","timeouts":null,"to_port":443,"type":"ingress"},"sensitive_attributes":[],"private":"eyJlMmJmYjczMC1lY2FhLTExZTYtOGY4OC0zNDM2M2JjN2M0YzAiOnsiY3JlYXRlIjozMDAwMDAwMDAwMDB9LCJzY2hlbWFfdmVyc2lvbiI6IjIifQ==","dependencies":["module.eks.aws_security_group.cluster","module.eks.aws_security_group.node","module.vpc.aws_vpc.this"],"create_before_destroy":true},{"index_key":"ingress_cluster_4443_webhook","schema_version":2,"attributes":{"cidr_blocks":null,"description":"Cluster API to node 4443/tcp webhook","from_port":4443,"id":"sgrule-1019085524","ipv6_cidr_blocks":null,"prefix_list_ids":[],"protocol":"tcp","security_group_id":"sg-0efb6239e4535b215","security_group_rule_id":"sgr-03846f1ba27d43fa9","self":false,"source_security_group_id":"sg-066eeb510831bb54c","timeouts":null,"to_port":4443,"type":"ingress"},"sensitive_attributes":[],"private":"eyJlMmJmYjczMC1lY2FhLTExZTYtOGY4OC0zNDM2M2JjN2M0YzAiOnsiY3JlYXRlIjozMDAwMDAwMDAwMDB9LCJzY2hlbWFfdmVyc2lvbiI6IjIifQ==","dependencies":["module.eks.aws_security_group.cluster","module.eks.aws_security_group.node","module.vpc.aws_vpc.this"],"create_before_destroy":true},{"index_key":"ingress_cluster_6443_webhook","schema_version":2,"attributes":{"cidr_blocks":null,"description":"Cluster API to node 6443/tcp webhook","from_port":6443,"id":"sgrule-4126958914","ipv6_cidr_blocks":null,"prefix_list_ids":[],"protocol":"tcp","security_group_id":"sg-0efb6239e4535b215","security_group_rule_id":"sgr-0a4474327a3cdb760","self":false,"source_security_group_id":"sg-066eeb510831bb54c","timeouts":null,"to_port":6443,"type":"ingress"},"sensitive_attributes":[],"private":"eyJlMmJmYjczMC1lY2FhLTExZTYtOGY4OC0zNDM2M2JjN2M0YzAiOnsiY3JlYXRlIjozMDAwMDAwMDAwMDB9LCJzY2hlbWFfdmVyc2lvbiI6IjIifQ==","dependencies":["module.eks.aws_security_group.cluster","module.eks.aws_security_group.node","module.vpc.aws_vpc.this"],"create_before_destroy":true},{"index_key":"ingress_cluster_8443_webhook","schema_version":2,"attributes":{"cidr_blocks":null,"description":"Cluster API to node 8443/tcp webhook","from_port":8443,"id":"sgrule-3869268323","ipv6_cidr_blocks":null,"prefix_list_ids":[],"protocol":"tcp","security_group_id":"sg-0efb6239e4535b215","security_group_rule_id":"sgr-062ce42cc018d01b9","self":false,"source_security_group_id":"sg-066eeb510831bb54c","timeouts":null,"to_port":8443,"type":"ingress"},"sensitive_attributes":[],"private":"eyJlMmJmYjczMC1lY2FhLTExZTYtOGY4OC0zNDM2M2JjN2M0YzAiOnsiY3JlYXRlIjozMDAwMDAwMDAwMDB9LCJzY2hlbWFfdmVyc2lvbiI6IjIifQ==","dependencies":["module.eks.aws_security_group.cluster","module.eks.aws_security_group.node","module.vpc.aws_vpc.this"],"create_before_destroy":true},{"index_key":"ingress_cluster_9443_webhook","schema_version":2,"attributes":{"cidr_blocks":null,"description":"Cluster API to node 9443/tcp webhook","from_port":9443,"id":"sgrule-2181130920","ipv6_cidr_blocks":null,"prefix_list_ids":[],"protocol":"tcp","security_group_id":"sg-0efb6239e4535b215","security_group_rule_id":"sgr-0eee19a61018dc510","self":false,"source_security_group_id":"sg-066eeb510831bb54c","timeouts":null,"to_port":9443,"type":"ingress"},"sensitive_attributes":[],"private":"eyJlMmJmYjczMC1lY2FhLTExZTYtOGY4OC0zNDM2M2JjN2M0YzAiOnsiY3JlYXRlIjozMDAwMDAwMDAwMDB9LCJzY2hlbWFfdmVyc2lvbiI6IjIifQ==","dependencies":["module.eks.aws_security_group.cluster","module.eks.aws_security_group.node","module.vpc.aws_vpc.this"],"create_before_destroy":true},{"index_key":"ingress_cluster_kubelet","schema_version":2,"attributes":{"cidr_blocks":null,"description":"Cluster API to node kubelets","from_port":10250,"id":"sgrule-2729836579","ipv6_cidr_blocks":null,"prefix_list_ids":[],"protocol":"tcp","security_group_id":"sg-0efb6239e4535b215","security_group_rule_id":"sgr-08bae19a8f7438913","self":false,"source_security_group_id":"sg-066eeb510831bb54c","timeouts":null,"to_port":10250,"type":"ingress"},"sensitive_attributes":[],"private":"eyJlMmJmYjczMC1lY2FhLTExZTYtOGY4OC0zNDM2M2JjN2M0YzAiOnsiY3JlYXRlIjozMDAwMDAwMDAwMDB9LCJzY2hlbWFfdmVyc2lvbiI6IjIifQ==","dependencies":["module.eks.aws_security_group.cluster","module.eks.aws_security_group.node","module.vpc.aws_vpc.this"],"create_before_destroy":true},{"index_key":"ingress_nodes_ephemeral","schema_version":2,"attributes":{"cidr_blocks":null,"description":"Node to node ingress on ephemeral ports","from_port":1025,"id":"sgrule-2937081307","ipv6_cidr_blocks":null,"prefix_list_ids":[],"protocol":"tcp","security_group_id":"sg-0efb6239e4535b215","security_group_rule_id":"sgr-058bc128218e51032","self":true,"source_security_group_id":null,"timeouts":null,"to_port":65535,"type":"ingress"},"sensitive_attributes":[],"private":"eyJlMmJmYjczMC1lY2FhLTExZTYtOGY4OC0zNDM2M2JjN2M0YzAiOnsiY3JlYXRlIjozMDAwMDAwMDAwMDB9LCJzY2hlbWFfdmVyc2lvbiI6IjIifQ==","dependencies":["module.eks.aws_security_group.cluster","module.eks.aws_security_group.node","module.vpc.aws_vpc.this"],"create_before_destroy":true},{"index_key":"ingress_self_coredns_tcp","schema_version":2,"attributes":{"cidr_blocks":null,"description":"Node to node CoreDNS","from_port":53,"id":"sgrule-2410472518","ipv6_cidr_blocks":null,"prefix_list_ids":[],"protocol":"tcp","security_group_id":"sg-0efb6239e4535b215","security_group_rule_id":"sgr-063e5e868b4fdf429","self":true,"source_security_group_id":null,"timeouts":null,"to_port":53,"type":"ingress"},"sensitive_attributes":[],"private":"eyJlMmJmYjczMC1lY2FhLTExZTYtOGY4OC0zNDM2M2JjN2M0YzAiOnsiY3JlYXRlIjozMDAwMDAwMDAwMDB9LCJzY2hlbWFfdmVyc2lvbiI6IjIifQ==","dependencies":["module.eks.aws_security_group.cluster","module.eks.aws_security_group.node","module.vpc.aws_vpc.this"],"create_before_destroy":true},{"index_key":"ingress_self_coredns_udp","schema_version":2,"attributes":{"cidr_blocks":null,"description":"Node to node CoreDNS UDP","from_port":53,"id":"sgrule-737363881","ipv6_cidr_blocks":null,"prefix_list_ids":[],"protocol":"udp","security_group_id":"sg-0efb6239e4535b215","security_group_rule_id":"sgr-0e8a4cce9bf187de8","self":true,"source_security_group_id":null,"timeouts":null,"to_port":53,"type":"ingress"},"sensitive_attributes":[],"private":"eyJlMmJmYjczMC1lY2FhLTExZTYtOGY4OC0zNDM2M2JjN2M0YzAiOnsiY3JlYXRlIjozMDAwMDAwMDAwMDB9LCJzY2hlbWFfdmVyc2lvbiI6IjIifQ==","dependencies":["module.eks.aws_security_group.cluster","module.eks.aws_security_group.node","module.vpc.aws_vpc.this"],"create_before_destroy":true}]},{"module":"module.eks","mode":"managed","type":"time_sleep","name":"this","provider":"provider[\"registry.opentofu.org/hashicorp/time\"]","instances":[{"index_key":0,"schema_version":0,"attributes":{"create_duration":"30s","destroy_duration":null,"id":"2024-10-22T21:21:59Z","triggers":{"cluster_certificate_authority_data":"LS0tLS1CRUdJTiBDRVJUSUZJQ0FURS0tLS0tCk1JSURCVENDQWUyZ0F3SUJBZ0lJZnR6MnRWc3JhRkl3RFFZSktvWklodmNOQVFFTEJRQXdGVEVUTUJFR0ExVUUKQXhNS2EzVmlaWEp1WlhSbGN6QWVGdzB5TkRFd01qSXlNVEV5TVRsYUZ3MHpOREV3TWpBeU1URTNNVGxhTUJVeApFekFSQmdOVkJBTVRDbXQxWW1WeWJtVjBaWE13Z2dFaU1BMEdDU3FHU0liM0RRRUJBUVVBQTRJQkR3QXdnZ0VLCkFvSUJBUUM5M1F4d0kvU1dpU3dPNndHOFRlMXpmTVQwa1AwTE5UVGZxb0ZRcTV1ZXpwRHM2dUJTYXA4akQ4V2gKRG9PNHdUTythck5UcnFZNVlvdVVkdlp1MEtNY3VQczg0MGR0Q2NaZ1d4aEdMU0pqK0R5aW9pbjI2VnZKR09iNQoxZlQ3TzFPWGFPSFNjZkNQejRON0g3djkzdGhadithSVJZU1htRzI1bkp5ZmxDK0NORUEzK1hpbGJaQXQwNkZpClRJT0pGZUNIWmxoUHJPd05mTTJZeEpnMVduSStVb0ZkQWhZdUE5MEdNQmdqV3FKTmJwWnVBN0IrU1JlRTRscXkKakFPMUUyWG11ajZSSk9Fd3RUTFNjdVBicE5yM2FucytNR0VFbmpxelViWFpQSHYrZGpPT2lkbU5aVW5kZmF0ZwpoK20wSDQyZjM4NlltRklQdnQvc0NqMUh3VkRKQWdNQkFBR2pXVEJYTUE0R0ExVWREd0VCL3dRRUF3SUNwREFQCkJnTlZIUk1CQWY4RUJUQURBUUgvTUIwR0ExVWREZ1FXQkJTejZEOUxtZGRwblJpWHVJQ1ZrK3VmOGc3NGF6QVYKQmdOVkhSRUVEakFNZ2dwcmRXSmxjbTVsZEdWek1BMEdDU3FHU0liM0RRRUJDd1VBQTRJQkFRQWRXQ013bTdwYgpPaHgvRTR6c3NuSDgyTnBHaHRuaGRuMU52MitvODVxSGVTQndiaVNWUnFKYW5lUnBVYVlaVUhLRlNoeUh0aWt5CnJkOTVEQnJEZGJxSFdsMW5EeXZWbmRpK0E2Nk9mcWIrcDJOdnAwYzhuUHNCVHZ6OFAzMnVPTE9vTEVqM2xVdVoKOEg4OVYrZk9UTFI0VGQ0enl0V2UyRG5GRDI1ZXpMbHhNbTJzQ2w3SUl4WTRGUnNjMk05QlBsUjQrM3MrUVVVaQpnM1h2LzVEL0FxMStRdDRCZmdtZG0rcDZwLzBKTmxISWd0ZWpaZkpCRnZuZ2V4UHd1Nmt5dG5Xb01PNEtMSHBGCmcxVjN2NmV0YmdWaVdrNFdUdytFWUFSUEhFdVpEQkdnM2JGejltVnZtVm85YVlwOVpKdVFHTzR1ZnlVQ1FuWWMKZS9WVWZpWDF1Sm5BCi0tLS0tRU5EIENFUlRJRklDQVRFLS0tLS0K","cluster_endpoint":"https://793D057C71518D02818A3CC41DE6C85F.yl4.us-west-1.eks.amazonaws.com","cluster_name":"stw-cluster","cluster_version":"1.31"}},"sensitive_attributes":[],"dependencies":["data.aws_availability_zones.available","module.eks.aws_cloudwatch_log_group.this","module.eks.aws_eks_cluster.this","module.eks.aws_iam_policy.cni_ipv6_policy","module.eks.aws_iam_role.this","module.eks.aws_iam_role_policy_attachment.this","module.eks.aws_security_group.cluster","module.eks.aws_security_group.node","module.eks.aws_security_group_rule.cluster","module.eks.aws_security_group_rule.node","module.eks.data.aws_caller_identity.current","module.eks.data.aws_iam_policy_document.assume_role_policy","module.eks.data.aws_iam_policy_document.cni_ipv6_policy","module.eks.data.aws_iam_session_context.current","module.eks.data.aws_partition.current","module.eks.module.kms.aws_kms_external_key.this","module.eks.module.kms.aws_kms_key.this","module.eks.module.kms.aws_kms_replica_external_key.this","module.eks.module.kms.aws_kms_replica_key.this","module.eks.module.kms.data.aws_caller_identity.current","module.eks.module.kms.data.aws_iam_policy_document.this","module.eks.module.kms.data.aws_partition.current","module.vpc.aws_subnet.private","module.vpc.aws_vpc.this","module.vpc.aws_vpc_ipv4_cidr_block_association.this"],"create_before_destroy":true}]},{"module":"module.eks.module.eks_managed_node_group[\"mg_5\"]","mode":"data","type":"aws_caller_identity","name":"current","provider":"provider[\"registry.opentofu.org/hashicorp/aws\"]","instances":[{"schema_version":0,"attributes":{"account_id":"368085106192","arn":"arn:aws:iam::368085106192:user/terraform-admin","id":"368085106192","user_id":"AIDAVLM4U7YIOWI46B5DW"},"sensitive_attributes":[]}]},{"module":"module.eks.module.eks_managed_node_group[\"mg_5\"]","mode":"data","type":"aws_iam_policy_document","name":"assume_role_policy","provider":"provider[\"registry.opentofu.org/hashicorp/aws\"]","instances":[{"index_key":0,"schema_version":0,"attributes":{"id":"2560088296","json":"{\n  \"Version\": \"2012-10-17\",\n  \"Statement\": [\n    {\n      \"Sid\": \"EKSNodeAssumeRole\",\n      \"Effect\": \"Allow\",\n      \"Action\": \"sts:AssumeRole\",\n      \"Principal\": {\n        \"Service\": \"ec2.amazonaws.com\"\n      }\n    }\n  ]\n}","override_json":null,"override_policy_documents":null,"policy_id":null,"source_json":null,"source_policy_documents":null,"statement":[{"actions":["sts:AssumeRole"],"condition":[],"effect":"Allow","not_actions":[],"not_principals":[],"not_resources":[],"principals":[{"identifiers":["ec2.amazonaws.com"],"type":"Service"}],"resources":[],"sid":"EKSNodeAssumeRole"}],"version":"2012-10-17"},"sensitive_attributes":[]}]},{"module":"module.eks.module.eks_managed_node_group[\"mg_5\"]","mode":"data","type":"aws_partition","name":"current","provider":"provider[\"registry.opentofu.org/hashicorp/aws\"]","instances":[{"schema_version":0,"attributes":{"dns_suffix":"amazonaws.com","id":"aws","partition":"aws","reverse_dns_prefix":"com.amazonaws"},"sensitive_attributes":[]}]},{"module":"module.eks.module.eks_managed_node_group[\"mg_5\"]","mode":"managed","type":"aws_eks_node_group","name":"this","provider":"provider[\"registry.opentofu.org/hashicorp/aws\"]","instances":[{"index_key":0,"schema_version":0,"attributes":{"ami_type":"AL2_x86_64","arn":"arn:aws:eks:us-west-1:368085106192:nodegroup/stw-cluster/mg_5-2024102221220018850000001b/96c95b0d-d8ed-8185-96d9-7d7f2c81677e","capacity_type":"ON_DEMAND","cluster_name":"stw-cluster","disk_size":0,"force_update_version":null,"id":"stw-cluster:mg_5-2024102221220018850000001b","instance_types":["m4.large","m5.large","m5a.large","m5ad.large","m5d.large","t2.large","t3.large","t3a.large","c6a.4xlarge","m5.xlarge"],"labels":{"intent":"control-apps"},"launch_template":[{"id":"lt-080318a193c2999a5","name":"mg_5-20241022212159549300000019","version":"1"}],"node_group_name":"mg_5-2024102221220018850000001b","node_group_name_prefix":"mg_5-","node_role_arn":"arn:aws:iam::368085106192:role/mg_5-eks-node-group-20241022211316293600000009","release_version":"1.31.0-20241011","remote_access":[],"resources":[{"autoscaling_groups":[{"name":"eks-mg_5-2024102221220018850000001b-96c95b0d-d8ed-8185-96d9-7d7f2c81677e"}],"remote_access_security_group_id":""}],"scaling_config":[{"desired_size":2,"max_size":2,"min_size":2}],"status":"ACTIVE","subnet_ids":["subnet-07bd17cec07a00789","subnet-0de2cfd578cd9e9c7","subnet-0e2f5ab43f0e3149e"],"tags":{"Name":"mg_5"},"tags_all":{"Name":"mg_5"},"taint":[],"timeouts":{"create":null,"delete":null,"update":null},"update_config":[{"max_unavailable":0,"max_unavailable_percentage":33}],"version":"1.31"},"sensitive_attributes":[],"private":"eyJlMmJmYjczMC1lY2FhLTExZTYtOGY4OC0zNDM2M2JjN2M0YzAiOnsiY3JlYXRlIjozNjAwMDAwMDAwMDAwLCJkZWxldGUiOjM2MDAwMDAwMDAwMDAsInVwZGF0ZSI6MzYwMDAwMDAwMDAwMH19","dependencies":["data.aws_availability_zones.available","module.eks.aws_cloudwatch_log_group.this","module.eks.aws_eks_cluster.this","module.eks.aws_iam_policy.cni_ipv6_policy","module.eks.aws_iam_role.this","module.eks.aws_iam_role_policy_attachment.this","module.eks.aws_security_group.cluster","module.eks.aws_security_group.node","module.eks.aws_security_group_rule.cluster","module.eks.aws_security_group_rule.node","module.eks.data.aws_caller_identity.current","module.eks.data.aws_iam_policy_document.assume_role_policy","module.eks.data.aws_iam_policy_document.cni_ipv6_policy","module.eks.data.aws_iam_session_context.current","module.eks.data.aws_partition.current","module.eks.module.eks_managed_node_group.aws_iam_role.this","module.eks.module.eks_managed_node_group.aws_iam_role_policy_attachment.this","module.eks.module.eks_managed_node_group.aws_launch_template.this","module.eks.module.eks_managed_node_group.data.aws_caller_identity.current","module.eks.module.eks_managed_node_group.data.aws_iam_policy_document.assume_role_policy","module.eks.module.eks_managed_node_group.data.aws_partition.current","module.eks.module.eks_managed_node_group.module.user_data.data.cloudinit_config.linux_eks_managed_node_group","module.eks.module.kms.aws_kms_external_key.this","module.eks.module.kms.aws_kms_key.this","module.eks.module.kms.aws_kms_replica_external_key.this","module.eks.module.kms.aws_kms_replica_key.this","module.eks.module.kms.data.aws_caller_identity.current","module.eks.module.kms.data.aws_iam_policy_document.this","module.eks.module.kms.data.aws_partition.current","module.eks.time_sleep.this","module.vpc.aws_subnet.private","module.vpc.aws_vpc.this","module.vpc.aws_vpc_ipv4_cidr_block_association.this"],"create_before_destroy":true}]},{"module":"module.eks.module.eks_managed_node_group[\"mg_5\"]","mode":"managed","type":"aws_iam_role","name":"this","provider":"provider[\"registry.opentofu.org/hashicorp/aws\"]","instances":[{"index_key":0,"schema_version":0,"attributes":{"arn":"arn:aws:iam::368085106192:role/mg_5-eks-node-group-20241022211316293600000009","assume_role_policy":"{\"Statement\":[{\"Action\":\"sts:AssumeRole\",\"Effect\":\"Allow\",\"Principal\":{\"Service\":\"ec2.amazonaws.com\"},\"Sid\":\"EKSNodeAssumeRole\"}],\"Version\":\"2012-10-17\"}","create_date":"2024-10-22T21:13:17Z","description":"EKS managed node group IAM role","force_detach_policies":true,"id":"mg_5-eks-node-group-20241022211316293600000009","inline_policy":[],"managed_policy_arns":[],"max_session_duration":3600,"name":"mg_5-eks-node-group-20241022211316293600000009","name_prefix":"mg_5-eks-node-group-","path":"/","permissions_boundary":null,"role_last_used":[{"last_used_date":"","region":""}],"tags":null,"tags_all":{},"unique_id":"AROAVLM4U7YIFSJCHTAYF"},"sensitive_attributes":[],"private":"bnVsbA==","dependencies":["data.aws_availability_zones.available","module.eks.module.eks_managed_node_group.data.aws_iam_policy_document.assume_role_policy","module.eks.module.eks_managed_node_group.data.aws_partition.current","module.vpc.aws_subnet.private","module.vpc.aws_vpc.this","module.vpc.aws_vpc_ipv4_cidr_block_association.this"],"create_before_destroy":true}]},{"module":"module.eks.module.eks_managed_node_group[\"mg_5\"]","mode":"managed","type":"aws_iam_role_policy_attachment","name":"this","provider":"provider[\"registry.opentofu.org/hashicorp/aws\"]","instances":[{"index_key":"arn:aws:iam::aws:policy/AmazonEC2ContainerRegistryReadOnly","schema_version":0,"attributes":{"id":"mg_5-eks-node-group-20241022211316293600000009-2024102221131664510000000b","policy_arn":"arn:aws:iam::aws:policy/AmazonEC2ContainerRegistryReadOnly","role":"mg_5-eks-node-group-20241022211316293600000009"},"sensitive_attributes":[],"private":"bnVsbA==","dependencies":["data.aws_availability_zones.available","module.eks.module.eks_managed_node_group.aws_iam_role.this","module.eks.module.eks_managed_node_group.data.aws_caller_identity.current","module.eks.module.eks_managed_node_group.data.aws_iam_policy_document.assume_role_policy","module.eks.module.eks_managed_node_group.data.aws_partition.current","module.vpc.aws_subnet.private","module.vpc.aws_vpc.this","module.vpc.aws_vpc_ipv4_cidr_block_association.this"],"create_before_destroy":true},{"index_key":"arn:aws:iam::aws:policy/AmazonEKSWorkerNodePolicy","schema_version":0,"attributes":{"id":"mg_5-eks-node-group-20241022211316293600000009-2024102221131667550000000d","policy_arn":"arn:aws:iam::aws:policy/AmazonEKSWorkerNodePolicy","role":"mg_5-eks-node-group-20241022211316293600000009"},"sensitive_attributes":[],"private":"bnVsbA==","dependencies":["data.aws_availability_zones.available","module.eks.module.eks_managed_node_group.aws_iam_role.this","module.eks.module.eks_managed_node_group.data.aws_caller_identity.current","module.eks.module.eks_managed_node_group.data.aws_iam_policy_document.assume_role_policy","module.eks.module.eks_managed_node_group.data.aws_partition.current","module.vpc.aws_subnet.private","module.vpc.aws_vpc.this","module.vpc.aws_vpc_ipv4_cidr_block_association.this"],"create_before_destroy":true},{"index_key":"arn:aws:iam::aws:policy/AmazonEKS_CNI_Policy","schema_version":0,"attributes":{"id":"mg_5-eks-node-group-20241022211316293600000009-2024102221131666730000000c","policy_arn":"arn:aws:iam::aws:policy/AmazonEKS_CNI_Policy","role":"mg_5-eks-node-group-20241022211316293600000009"},"sensitive_attributes":[],"private":"bnVsbA==","dependencies":["data.aws_availability_zones.available","module.eks.module.eks_managed_node_group.aws_iam_role.this","module.eks.module.eks_managed_node_group.data.aws_caller_identity.current","module.eks.module.eks_managed_node_group.data.aws_iam_policy_document.assume_role_policy","module.eks.module.eks_managed_node_group.data.aws_partition.current","module.vpc.aws_subnet.private","module.vpc.aws_vpc.this","module.vpc.aws_vpc_ipv4_cidr_block_association.this"],"create_before_destroy":true}]},{"module":"module.eks.module.eks_managed_node_group[\"mg_5\"]","mode":"managed","type":"aws_launch_template","name":"this","provider":"provider[\"registry.opentofu.org/hashicorp/aws\"]","instances":[{"index_key":0,"schema_version":0,"attributes":{"arn":"arn:aws:ec2:us-west-1:368085106192:launch-template/lt-080318a193c2999a5","block_device_mappings":[],"capacity_reservation_specification":[],"cpu_options":[],"credit_specification":[],"default_version":1,"description":"Custom launch template for mg_5 EKS managed node group","disable_api_stop":false,"disable_api_termination":false,"ebs_optimized":"","elastic_gpu_specifications":[],"elastic_inference_accelerator":[],"enclave_options":[],"hibernation_options":[],"iam_instance_profile":[],"id":"lt-080318a193c2999a5","image_id":"","instance_initiated_shutdown_behavior":"","instance_market_options":[],"instance_requirements":[],"instance_type":"","kernel_id":"","key_name":"","latest_version":1,"license_specification":[],"maintenance_options":[],"metadata_options":[{"http_endpoint":"enabled","http_protocol_ipv6":"disabled","http_put_response_hop_limit":2,"http_tokens":"required","instance_metadata_tags":"disabled"}],"monitoring":[{"enabled":true}],"name":"mg_5-20241022212159549300000019","name_prefix":"mg_5-","network_interfaces":[],"placement":[],"private_dns_name_options":[],"ram_disk_id":"","security_group_names":null,"tag_specifications":[{"resource_type":"instance","tags":{"Name":"mg_5"}},{"resource_type":"network-interface","tags":{"Name":"mg_5"}},{"resource_type":"volume","tags":{"Name":"mg_5"}}],"tags":null,"tags_all":{},"update_default_version":true,"user_data":"","vpc_security_group_ids":["sg-0efb6239e4535b215"]},"sensitive_attributes":[],"private":"bnVsbA==","dependencies":["data.aws_availability_zones.available","module.eks.aws_cloudwatch_log_group.this","module.eks.aws_eks_cluster.this","module.eks.aws_iam_policy.cni_ipv6_policy","module.eks.aws_iam_role.this","module.eks.aws_iam_role_policy_attachment.this","module.eks.aws_security_group.cluster","module.eks.aws_security_group.node","module.eks.aws_security_group_rule.cluster","module.eks.aws_security_group_rule.node","module.eks.data.aws_caller_identity.current","module.eks.data.aws_iam_policy_document.assume_role_policy","module.eks.data.aws_iam_policy_document.cni_ipv6_policy","module.eks.data.aws_iam_session_context.current","module.eks.data.aws_partition.current","module.eks.module.eks_managed_node_group.aws_iam_role.this","module.eks.module.eks_managed_node_group.aws_iam_role_policy_attachment.this","module.eks.module.eks_managed_node_group.data.aws_caller_identity.current","module.eks.module.eks_managed_node_group.data.aws_iam_policy_document.assume_role_policy","module.eks.module.eks_managed_node_group.data.aws_partition.current","module.eks.module.eks_managed_node_group.module.user_data.data.cloudinit_config.linux_eks_managed_node_group","module.eks.module.kms.aws_kms_external_key.this","module.eks.module.kms.aws_kms_key.this","module.eks.module.kms.aws_kms_replica_external_key.this","module.eks.module.kms.aws_kms_replica_key.this","module.eks.module.kms.data.aws_caller_identity.current","module.eks.module.kms.data.aws_iam_policy_document.this","module.eks.module.kms.data.aws_partition.current","module.eks.time_sleep.this","module.vpc.aws_subnet.private","module.vpc.aws_vpc.this","module.vpc.aws_vpc_ipv4_cidr_block_association.this"],"create_before_destroy":true}]},{"module":"module.eks.module.eks_managed_node_group[\"stw_node_wg\"]","mode":"data","type":"aws_caller_identity","name":"current","provider":"provider[\"registry.opentofu.org/hashicorp/aws\"]","instances":[{"schema_version":0,"attributes":{"account_id":"368085106192","arn":"arn:aws:iam::368085106192:user/terraform-admin","id":"368085106192","user_id":"AIDAVLM4U7YIOWI46B5DW"},"sensitive_attributes":[]}]},{"module":"module.eks.module.eks_managed_node_group[\"stw_node_wg\"]","mode":"data","type":"aws_iam_policy_document","name":"assume_role_policy","provider":"provider[\"registry.opentofu.org/hashicorp/aws\"]","instances":[{"index_key":0,"schema_version":0,"attributes":{"id":"2560088296","json":"{\n  \"Version\": \"2012-10-17\",\n  \"Statement\": [\n    {\n      \"Sid\": \"EKSNodeAssumeRole\",\n      \"Effect\": \"Allow\",\n      \"Action\": \"sts:AssumeRole\",\n      \"Principal\": {\n        \"Service\": \"ec2.amazonaws.com\"\n      }\n    }\n  ]\n}","override_json":null,"override_policy_documents":null,"policy_id":null,"source_json":null,"source_policy_documents":null,"statement":[{"actions":["sts:AssumeRole"],"condition":[],"effect":"Allow","not_actions":[],"not_principals":[],"not_resources":[],"principals":[{"identifiers":["ec2.amazonaws.com"],"type":"Service"}],"resources":[],"sid":"EKSNodeAssumeRole"}],"version":"2012-10-17"},"sensitive_attributes":[]}]},{"module":"module.eks.module.eks_managed_node_group[\"stw_node_wg\"]","mode":"data","type":"aws_partition","name":"current","provider":"provider[\"registry.opentofu.org/hashicorp/aws\"]","instances":[{"schema_version":0,"attributes":{"dns_suffix":"amazonaws.com","id":"aws","partition":"aws","reverse_dns_prefix":"com.amazonaws"},"sensitive_attributes":[]}]},{"module":"module.eks.module.eks_managed_node_group[\"stw_node_wg\"]","mode":"managed","type":"aws_eks_node_group","name":"this","provider":"provider[\"registry.opentofu.org/hashicorp/aws\"]","instances":[{"index_key":0,"schema_version":0,"attributes":{"ami_type":"AL2_x86_64","arn":"arn:aws:eks:us-west-1:368085106192:nodegroup/stw-cluster/stw_node_wg-2024102221220019050000001d/d0c95b0d-d8ec-5bbd-3489-58680357cca7","capacity_type":"ON_DEMAND","cluster_name":"stw-cluster","disk_size":0,"force_update_version":null,"id":"stw-cluster:stw_node_wg-2024102221220019050000001d","instance_types":["t3.medium"],"labels":null,"launch_template":[{"id":"lt-0acc30cdffa15af8f","name":"stw_node_wg-20241022212159547200000017","version":"1"}],"node_group_name":"stw_node_wg-2024102221220019050000001d","node_group_name_prefix":"stw_node_wg-","node_role_arn":"arn:aws:iam::368085106192:role/stw_node_wg-eks-node-group-2024102221131644760000000a","release_version":"1.31.0-20241011","remote_access":[],"resources":[{"autoscaling_groups":[{"name":"eks-stw_node_wg-2024102221220019050000001d-d0c95b0d-d8ec-5bbd-3489-58680357cca7"}],"remote_access_security_group_id":""}],"scaling_config":[{"desired_size":2,"max_size":6,"min_size":2}],"status":"ACTIVE","subnet_ids":["subnet-07bd17cec07a00789","subnet-0de2cfd578cd9e9c7","subnet-0e2f5ab43f0e3149e"],"tags":{"Name":"stw_node_wg"},"tags_all":{"Name":"stw_node_wg"},"taint":[],"timeouts":{"create":null,"delete":null,"update":null},"update_config":[{"max_unavailable":0,"max_unavailable_percentage":33}],"version":"1.31"},"sensitive_attributes":[],"private":"eyJlMmJmYjczMC1lY2FhLTExZTYtOGY4OC0zNDM2M2JjN2M0YzAiOnsiY3JlYXRlIjozNjAwMDAwMDAwMDAwLCJkZWxldGUiOjM2MDAwMDAwMDAwMDAsInVwZGF0ZSI6MzYwMDAwMDAwMDAwMH19","dependencies":["data.aws_availability_zones.available","module.eks.aws_cloudwatch_log_group.this","module.eks.aws_eks_cluster.this","module.eks.aws_iam_policy.cni_ipv6_policy","module.eks.aws_iam_role.this","module.eks.aws_iam_role_policy_attachment.this","module.eks.aws_security_group.cluster","module.eks.aws_security_group.node","module.eks.aws_security_group_rule.cluster","module.eks.aws_security_group_rule.node","module.eks.data.aws_caller_identity.current","module.eks.data.aws_iam_policy_document.assume_role_policy","module.eks.data.aws_iam_policy_document.cni_ipv6_policy","module.eks.data.aws_iam_session_context.current","module.eks.data.aws_partition.current","module.eks.module.eks_managed_node_group.aws_iam_role.this","module.eks.module.eks_managed_node_group.aws_iam_role_policy_attachment.this","module.eks.module.eks_managed_node_group.aws_launch_template.this","module.eks.module.eks_managed_node_group.data.aws_caller_identity.current","module.eks.module.eks_managed_node_group.data.aws_iam_policy_document.assume_role_policy","module.eks.module.eks_managed_node_group.data.aws_partition.current","module.eks.module.eks_managed_node_group.module.user_data.data.cloudinit_config.linux_eks_managed_node_group","module.eks.module.kms.aws_kms_external_key.this","module.eks.module.kms.aws_kms_key.this","module.eks.module.kms.aws_kms_replica_external_key.this","module.eks.module.kms.aws_kms_replica_key.this","module.eks.module.kms.data.aws_caller_identity.current","module.eks.module.kms.data.aws_iam_policy_document.this","module.eks.module.kms.data.aws_partition.current","module.eks.time_sleep.this","module.vpc.aws_subnet.private","module.vpc.aws_vpc.this","module.vpc.aws_vpc_ipv4_cidr_block_association.this"],"create_before_destroy":true}]},{"module":"module.eks.module.eks_managed_node_group[\"stw_node_wg\"]","mode":"managed","type":"aws_iam_role","name":"this","provider":"provider[\"registry.opentofu.org/hashicorp/aws\"]","instances":[{"index_key":0,"schema_version":0,"attributes":{"arn":"arn:aws:iam::368085106192:role/stw_node_wg-eks-node-group-2024102221131644760000000a","assume_role_policy":"{\"Statement\":[{\"Action\":\"sts:AssumeRole\",\"Effect\":\"Allow\",\"Principal\":{\"Service\":\"ec2.amazonaws.com\"},\"Sid\":\"EKSNodeAssumeRole\"}],\"Version\":\"2012-10-17\"}","create_date":"2024-10-22T21:13:17Z","description":"EKS managed node group IAM role","force_detach_policies":true,"id":"stw_node_wg-eks-node-group-2024102221131644760000000a","inline_policy":[],"managed_policy_arns":[],"max_session_duration":3600,"name":"stw_node_wg-eks-node-group-2024102221131644760000000a","name_prefix":"stw_node_wg-eks-node-group-","path":"/","permissions_boundary":null,"role_last_used":[{"last_used_date":"","region":""}],"tags":null,"tags_all":{},"unique_id":"AROAVLM4U7YINMRPJLAAG"},"sensitive_attributes":[],"private":"bnVsbA==","dependencies":["data.aws_availability_zones.available","module.eks.module.eks_managed_node_group.data.aws_iam_policy_document.assume_role_policy","module.eks.module.eks_managed_node_group.data.aws_partition.current","module.vpc.aws_subnet.private","module.vpc.aws_vpc.this","module.vpc.aws_vpc_ipv4_cidr_block_association.this"],"create_before_destroy":true}]},{"module":"module.eks.module.eks_managed_node_group[\"stw_node_wg\"]","mode":"managed","type":"aws_iam_role_policy_attachment","name":"this","provider":"provider[\"registry.opentofu.org/hashicorp/aws\"]","instances":[{"index_key":"arn:aws:iam::aws:policy/AmazonEC2ContainerRegistryReadOnly","schema_version":0,"attributes":{"id":"stw_node_wg-eks-node-group-2024102221131644760000000a-2024102221131685200000000e","policy_arn":"arn:aws:iam::aws:policy/AmazonEC2ContainerRegistryReadOnly","role":"stw_node_wg-eks-node-group-2024102221131644760000000a"},"sensitive_attributes":[],"private":"bnVsbA==","dependencies":["data.aws_availability_zones.available","module.eks.module.eks_managed_node_group.aws_iam_role.this","module.eks.module.eks_managed_node_group.data.aws_caller_identity.current","module.eks.module.eks_managed_node_group.data.aws_iam_policy_document.assume_role_policy","module.eks.module.eks_managed_node_group.data.aws_partition.current","module.vpc.aws_subnet.private","module.vpc.aws_vpc.this","module.vpc.aws_vpc_ipv4_cidr_block_association.this"],"create_before_destroy":true},{"index_key":"arn:aws:iam::aws:policy/AmazonEKSWorkerNodePolicy","schema_version":0,"attributes":{"id":"stw_node_wg-eks-node-group-2024102221131644760000000a-2024102221131686370000000f","policy_arn":"arn:aws:iam::aws:policy/AmazonEKSWorkerNodePolicy","role":"stw_node_wg-eks-node-group-2024102221131644760000000a"},"sensitive_attributes":[],"private":"bnVsbA==","dependencies":["data.aws_availability_zones.available","module.eks.module.eks_managed_node_group.aws_iam_role.this","module.eks.module.eks_managed_node_group.data.aws_caller_identity.current","module.eks.module.eks_managed_node_group.data.aws_iam_policy_document.assume_role_policy","module.eks.module.eks_managed_node_group.data.aws_partition.current","module.vpc.aws_subnet.private","module.vpc.aws_vpc.this","module.vpc.aws_vpc_ipv4_cidr_block_association.this"],"create_before_destroy":true},{"index_key":"arn:aws:iam::aws:policy/AmazonEKS_CNI_Policy","schema_version":0,"attributes":{"id":"stw_node_wg-eks-node-group-2024102221131644760000000a-20241022211316873000000010","policy_arn":"arn:aws:iam::aws:policy/AmazonEKS_CNI_Policy","role":"stw_node_wg-eks-node-group-2024102221131644760000000a"},"sensitive_attributes":[],"private":"bnVsbA==","dependencies":["data.aws_availability_zones.available","module.eks.module.eks_managed_node_group.aws_iam_role.this","module.eks.module.eks_managed_node_group.data.aws_caller_identity.current","module.eks.module.eks_managed_node_group.data.aws_iam_policy_document.assume_role_policy","module.eks.module.eks_managed_node_group.data.aws_partition.current","module.vpc.aws_subnet.private","module.vpc.aws_vpc.this","module.vpc.aws_vpc_ipv4_cidr_block_association.this"],"create_before_destroy":true}]},{"module":"module.eks.module.eks_managed_node_group[\"stw_node_wg\"]","mode":"managed","type":"aws_launch_template","name":"this","provider":"provider[\"registry.opentofu.org/hashicorp/aws\"]","instances":[{"index_key":0,"schema_version":0,"attributes":{"arn":"arn:aws:ec2:us-west-1:368085106192:launch-template/lt-0acc30cdffa15af8f","block_device_mappings":[],"capacity_reservation_specification":[],"cpu_options":[],"credit_specification":[],"default_version":1,"description":"Custom launch template for stw_node_wg EKS managed node group","disable_api_stop":false,"disable_api_termination":false,"ebs_optimized":"","elastic_gpu_specifications":[],"elastic_inference_accelerator":[],"enclave_options":[],"hibernation_options":[],"iam_instance_profile":[],"id":"lt-0acc30cdffa15af8f","image_id":"","instance_initiated_shutdown_behavior":"","instance_market_options":[],"instance_requirements":[],"instance_type":"","kernel_id":"","key_name":"","latest_version":1,"license_specification":[],"maintenance_options":[],"metadata_options":[{"http_endpoint":"enabled","http_protocol_ipv6":"disabled","http_put_response_hop_limit":2,"http_tokens":"required","instance_metadata_tags":"disabled"}],"monitoring":[{"enabled":true}],"name":"stw_node_wg-20241022212159547200000017","name_prefix":"stw_node_wg-","network_interfaces":[],"placement":[],"private_dns_name_options":[],"ram_disk_id":"","security_group_names":null,"tag_specifications":[{"resource_type":"instance","tags":{"Name":"stw_node_wg"}},{"resource_type":"network-interface","tags":{"Name":"stw_node_wg"}},{"resource_type":"volume","tags":{"Name":"stw_node_wg"}}],"tags":null,"tags_all":{},"update_default_version":true,"user_data":"","vpc_security_group_ids":["sg-0efb6239e4535b215"]},"sensitive_attributes":[],"private":"bnVsbA==","dependencies":["data.aws_availability_zones.available","module.eks.aws_cloudwatch_log_group.this","module.eks.aws_eks_cluster.this","module.eks.aws_iam_policy.cni_ipv6_policy","module.eks.aws_iam_role.this","module.eks.aws_iam_role_policy_attachment.this","module.eks.aws_security_group.cluster","module.eks.aws_security_group.node","module.eks.aws_security_group_rule.cluster","module.eks.aws_security_group_rule.node","module.eks.data.aws_caller_identity.current","module.eks.data.aws_iam_policy_document.assume_role_policy","module.eks.data.aws_iam_policy_document.cni_ipv6_policy","module.eks.data.aws_iam_session_context.current","module.eks.data.aws_partition.current","module.eks.module.eks_managed_node_group.aws_iam_role.this","module.eks.module.eks_managed_node_group.aws_iam_role_policy_attachment.this","module.eks.module.eks_managed_node_group.data.aws_caller_identity.current","module.eks.module.eks_managed_node_group.data.aws_iam_policy_document.assume_role_policy","module.eks.module.eks_managed_node_group.data.aws_partition.current","module.eks.module.eks_managed_node_group.module.user_data.data.cloudinit_config.linux_eks_managed_node_group","module.eks.module.kms.aws_kms_external_key.this","module.eks.module.kms.aws_kms_key.this","module.eks.module.kms.aws_kms_replica_external_key.this","module.eks.module.kms.aws_kms_replica_key.this","module.eks.module.kms.data.aws_caller_identity.current","module.eks.module.kms.data.aws_iam_policy_document.this","module.eks.module.kms.data.aws_partition.current","module.eks.time_sleep.this","module.vpc.aws_subnet.private","module.vpc.aws_vpc.this","module.vpc.aws_vpc_ipv4_cidr_block_association.this"],"create_before_destroy":true}]},{"module":"module.eks.module.kms","mode":"data","type":"aws_caller_identity","name":"current","provider":"provider[\"registry.opentofu.org/hashicorp/aws\"]","instances":[{"index_key":0,"schema_version":0,"attributes":{"account_id":"368085106192","arn":"arn:aws:iam::368085106192:user/terraform-admin","id":"368085106192","user_id":"AIDAVLM4U7YIOWI46B5DW"},"sensitive_attributes":[]}]},{"module":"module.eks.module.kms","mode":"data","type":"aws_iam_policy_document","name":"this","provider":"provider[\"registry.opentofu.org/hashicorp/aws\"]","instances":[{"index_key":0,"schema_version":0,"attributes":{"id":"1749729778","json":"{\n  \"Version\": \"2012-10-17\",\n  \"Statement\": [\n    {\n      \"Sid\": \"KeyAdministration\",\n      \"Effect\": \"Allow\",\n      \"Action\": [\n        \"kms:Update*\",\n        \"kms:UntagResource\",\n        \"kms:TagResource\",\n        \"kms:ScheduleKeyDeletion\",\n        \"kms:Revoke*\",\n        \"kms:ReplicateKey\",\n        \"kms:Put*\",\n        \"kms:List*\",\n        \"kms:ImportKeyMaterial\",\n        \"kms:Get*\",\n        \"kms:Enable*\",\n        \"kms:Disable*\",\n        \"kms:Describe*\",\n        \"kms:Delete*\",\n        \"kms:Create*\",\n        \"kms:CancelKeyDeletion\"\n      ],\n      \"Resource\": \"*\",\n      \"Principal\": {\n        \"AWS\": \"arn:aws:iam::368085106192:user/terraform-admin\"\n      }\n    },\n    {\n      \"Sid\": \"KeyUsage\",\n      \"Effect\": \"Allow\",\n      \"Action\": [\n        \"kms:ReEncrypt*\",\n        \"kms:GenerateDataKey*\",\n        \"kms:Encrypt\",\n        \"kms:DescribeKey\",\n        \"kms:Decrypt\"\n      ],\n      \"Resource\": \"*\",\n      \"Principal\": {\n        \"AWS\": \"arn:aws:iam::368085106192:role/stw-cluster-cluster-20241022211301545400000002\"\n      }\n    }\n  ]\n}","override_json":null,"override_policy_documents":null,"policy_id":null,"source_json":null,"source_policy_documents":null,"statement":[{"actions":["kms:CancelKeyDeletion","kms:Create*","kms:Delete*","kms:Describe*","kms:Disable*","kms:Enable*","kms:Get*","kms:ImportKeyMaterial","kms:List*","kms:Put*","kms:ReplicateKey","kms:Revoke*","kms:ScheduleKeyDeletion","kms:TagResource","kms:UntagResource","kms:Update*"],"condition":[],"effect":"Allow","not_actions":[],"not_principals":[],"not_resources":[],"principals":[{"identifiers":["arn:aws:iam::368085106192:user/terraform-admin"],"type":"AWS"}],"resources":["*"],"sid":"KeyAdministration"},{"actions":["kms:Decrypt","kms:DescribeKey","kms:Encrypt","kms:GenerateDataKey*","kms:ReEncrypt*"],"condition":[],"effect":"Allow","not_actions":[],"not_principals":[],"not_resources":[],"principals":[{"identifiers":["arn:aws:iam::368085106192:role/stw-cluster-cluster-20241022211301545400000002"],"type":"AWS"}],"resources":["*"],"sid":"KeyUsage"}],"version":"2012-10-17"},"sensitive_attributes":[]}]},{"module":"module.eks.module.kms","mode":"data","type":"aws_partition","name":"current","provider":"provider[\"registry.opentofu.org/hashicorp/aws\"]","instances":[{"index_key":0,"schema_version":0,"attributes":{"dns_suffix":"amazonaws.com","id":"aws","partition":"aws","reverse_dns_prefix":"com.amazonaws"},"sensitive_attributes":[]}]},{"module":"module.eks.module.kms","mode":"managed","type":"aws_kms_alias","name":"this","provider":"provider[\"registry.opentofu.org/hashicorp/aws\"]","instances":[{"index_key":"cluster","schema_version":0,"attributes":{"arn":"arn:aws:kms:us-west-1:368085106192:alias/eks/stw-cluster","id":"alias/eks/stw-cluster","name":"alias/eks/stw-cluster","name_prefix":"","target_key_arn":"arn:aws:kms:us-west-1:368085106192:key/08931490-e556-424e-bc3c-8be32c0aefd5","target_key_id":"08931490-e556-424e-bc3c-8be32c0aefd5"},"sensitive_attributes":[],"private":"bnVsbA==","dependencies":["module.eks.aws_iam_role.this","module.eks.data.aws_caller_identity.current","module.eks.data.aws_iam_policy_document.assume_role_policy","module.eks.data.aws_iam_session_context.current","module.eks.data.aws_partition.current","module.eks.module.kms.aws_kms_external_key.this","module.eks.module.kms.aws_kms_key.this","module.eks.module.kms.aws_kms_replica_external_key.this","module.eks.module.kms.aws_kms_replica_key.this","module.eks.module.kms.data.aws_caller_identity.current","module.eks.module.kms.data.aws_iam_policy_document.this","module.eks.module.kms.data.aws_partition.current"]}]},{"module":"module.eks.module.kms","mode":"managed","type":"aws_kms_key","name":"this","provider":"provider[\"registry.opentofu.org/hashicorp/aws\"]","instances":[{"index_key":0,"schema_version":0,"attributes":{"arn":"arn:aws:kms:us-west-1:368085106192:key/08931490-e556-424e-bc3c-8be32c0aefd5","bypass_policy_lockout_safety_check":false,"custom_key_store_id":"","customer_master_key_spec":"SYMMETRIC_DEFAULT","deletion_window_in_days":null,"description":"stw-cluster cluster encryption key","enable_key_rotation":true,"id":"08931490-e556-424e-bc3c-8be32c0aefd5","is_enabled":true,"key_id":"08931490-e556-424e-bc3c-8be32c0aefd5","key_usage":"ENCRYPT_DECRYPT","multi_region":false,"policy":"{\"Statement\":[{\"Action\":[\"kms:Update*\",\"kms:UntagResource\",\"kms:TagResource\",\"kms:ScheduleKeyDeletion\",\"kms:Revoke*\",\"kms:ReplicateKey\",\"kms:Put*\",\"kms:List*\",\"kms:ImportKeyMaterial\",\"kms:Get*\",\"kms:Enable*\",\"kms:Disable*\",\"kms:Describe*\",\"kms:Delete*\",\"kms:Create*\",\"kms:CancelKeyDeletion\"],\"Effect\":\"Allow\",\"Principal\":{\"AWS\":\"arn:aws:iam::368085106192:user/terraform-admin\"},\"Resource\":\"*\",\"Sid\":\"KeyAdministration\"},{\"Action\":[\"kms:ReEncrypt*\",\"kms:GenerateDataKey*\",\"kms:Encrypt\",\"kms:DescribeKey\",\"kms:Decrypt\"],\"Effect\":\"Allow\",\"Principal\":{\"AWS\":\"arn:aws:iam::368085106192:role/stw-cluster-cluster-20241022211301545400000002\"},\"Resource\":\"*\",\"Sid\":\"KeyUsage\"}],\"Version\":\"2012-10-17\"}","tags":null,"tags_all":{}},"sensitive_attributes":[],"private":"bnVsbA==","dependencies":["module.eks.aws_iam_role.this","module.eks.data.aws_caller_identity.current","module.eks.data.aws_iam_policy_document.assume_role_policy","module.eks.data.aws_iam_session_context.current","module.eks.data.aws_partition.current","module.eks.module.kms.data.aws_caller_identity.current","module.eks.module.kms.data.aws_iam_policy_document.this","module.eks.module.kms.data.aws_partition.current"],"create_before_destroy":true}]},{"module":"module.vpc","mode":"managed","type":"aws_default_network_acl","name":"this","provider":"provider[\"registry.opentofu.org/hashicorp/aws\"]","instances":[{"index_key":0,"schema_version":0,"attributes":{"arn":"arn:aws:ec2:us-west-1:368085106192:network-acl/acl-0d63ee9bc9cedea03","default_network_acl_id":"acl-0d63ee9bc9cedea03","egress":[{"action":"allow","cidr_block":"","from_port":0,"icmp_code":null,"icmp_type":null,"ipv6_cidr_block":"::/0","protocol":"-1","rule_no":101,"to_port":0},{"action":"allow","cidr_block":"0.0.0.0/0","from_port":0,"icmp_code":null,"icmp_type":null,"ipv6_cidr_block":"","protocol":"-1","rule_no":100,"to_port":0}],"id":"acl-0d63ee9bc9cedea03","ingress":[{"action":"allow","cidr_block":"","from_port":0,"icmp_code":null,"icmp_type":null,"ipv6_cidr_block":"::/0","protocol":"-1","rule_no":101,"to_port":0},{"action":"allow","cidr_block":"0.0.0.0/0","from_port":0,"icmp_code":null,"icmp_type":null,"ipv6_cidr_block":"","protocol":"-1","rule_no":100,"to_port":0}],"owner_id":"368085106192","subnet_ids":["subnet-05a5b9653ca086aac","subnet-07bd17cec07a00789","subnet-0d4e109321882db86","subnet-0de2cfd578cd9e9c7","subnet-0e2f5ab43f0e3149e","subnet-0f0d2a430293f1706"],"tags":{"Name":"stw-vpc-default"},"tags_all":{"Name":"stw-vpc-default"},"vpc_id":"vpc-0de1b4f686ccac9d6"},"sensitive_attributes":[],"private":"bnVsbA==","dependencies":["module.vpc.aws_vpc.this"]}]},{"module":"module.vpc","mode":"managed","type":"aws_default_route_table","name":"default","provider":"provider[\"registry.opentofu.org/hashicorp/aws\"]","instances":[{"index_key":0,"schema_version":0,"attributes":{"arn":"arn:aws:ec2:us-west-1:368085106192:route-table/rtb-0d9cfba8ef3a02270","default_route_table_id":"rtb-0d9cfba8ef3a02270","id":"rtb-0d9cfba8ef3a02270","owner_id":"368085106192","propagating_vgws":null,"route":[],"tags":{"Name":"stw-vpc-default"},"tags_all":{"Name":"stw-vpc-default"},"timeouts":{"create":"5m","update":"5m"},"vpc_id":"vpc-0de1b4f686ccac9d6"},"sensitive_attributes":[],"private":"eyJlMmJmYjczMC1lY2FhLTExZTYtOGY4OC0zNDM2M2JjN2M0YzAiOnsiY3JlYXRlIjozMDAwMDAwMDAwMDAsInVwZGF0ZSI6MzAwMDAwMDAwMDAwfX0=","dependencies":["module.vpc.aws_vpc.this"]}]},{"module":"module.vpc","mode":"managed","type":"aws_default_security_group","name":"this","provider":"provider[\"registry.opentofu.org/hashicorp/aws\"]","instances":[{"index_key":0,"schema_version":1,"attributes":{"arn":"arn:aws:ec2:us-west-1:368085106192:security-group/sg-0b7ea6509834b685a","description":"default VPC security group","egress":[],"id":"sg-0b7ea6509834b685a","ingress":[],"name":"default","name_prefix":"","owner_id":"368085106192","revoke_rules_on_delete":false,"tags":{"Name":"stw-vpc-default"},"tags_all":{"Name":"stw-vpc-default"},"vpc_id":"vpc-0de1b4f686ccac9d6"},"sensitive_attributes":[],"private":"eyJzY2hlbWFfdmVyc2lvbiI6IjEifQ==","dependencies":["module.vpc.aws_vpc.this"]}]},{"module":"module.vpc","mode":"managed","type":"aws_eip","name":"nat","provider":"provider[\"registry.opentofu.org/hashicorp/aws\"]","instances":[{"index_key":0,"schema_version":0,"attributes":{"address":null,"allocation_id":"eipalloc-0d808ea113f0c72ed","associate_with_private_ip":null,"association_id":"","carrier_ip":"","customer_owned_ip":"","customer_owned_ipv4_pool":"","domain":"vpc","id":"eipalloc-0d808ea113f0c72ed","instance":"","network_border_group":"us-west-1","network_interface":"","private_dns":null,"private_ip":"","public_dns":"ec2-54-215-108-131.us-west-1.compute.amazonaws.com","public_ip":"54.215.108.131","public_ipv4_pool":"amazon","tags":{"Name":"stw-vpc-us-west-1a"},"tags_all":{"Name":"stw-vpc-us-west-1a"},"timeouts":null,"vpc":true},"sensitive_attributes":[],"private":"eyJlMmJmYjczMC1lY2FhLTExZTYtOGY4OC0zNDM2M2JjN2M0YzAiOnsiZGVsZXRlIjoxODAwMDAwMDAwMDAsInJlYWQiOjkwMDAwMDAwMDAwMCwidXBkYXRlIjozMDAwMDAwMDAwMDB9fQ==","dependencies":["data.aws_availability_zones.available"]}]},{"module":"module.vpc","mode":"managed","type":"aws_internet_gateway","name":"this","provider":"provider[\"registry.opentofu.org/hashicorp/aws\"]","instances":[{"index_key":0,"schema_version":0,"attributes":{"arn":"arn:aws:ec2:us-west-1:368085106192:internet-gateway/igw-0968b8619fa7fc2e3","id":"igw-0968b8619fa7fc2e3","owner_id":"368085106192","tags":{"Name":"stw-vpc"},"tags_all":{"Name":"stw-vpc"},"timeouts":null,"vpc_id":"vpc-0de1b4f686ccac9d6"},"sensitive_attributes":[],"private":"eyJlMmJmYjczMC1lY2FhLTExZTYtOGY4OC0zNDM2M2JjN2M0YzAiOnsiY3JlYXRlIjoxMjAwMDAwMDAwMDAwLCJkZWxldGUiOjEyMDAwMDAwMDAwMDAsInVwZGF0ZSI6MTIwMDAwMDAwMDAwMH19","dependencies":["module.vpc.aws_vpc.this","module.vpc.aws_vpc_ipv4_cidr_block_association.this"]}]},{"module":"module.vpc","mode":"managed","type":"aws_nat_gateway","name":"this","provider":"provider[\"registry.opentofu.org/hashicorp/aws\"]","instances":[{"index_key":0,"schema_version":0,"attributes":{"allocation_id":"eipalloc-0d808ea113f0c72ed","association_id":"eipassoc-0b388794746c1805c","connectivity_type":"public","id":"nat-0e9255b5a5d6478bb","network_interface_id":"eni-007632e145851aa27","private_ip":"10.0.102.91","public_ip":"54.215.108.131","subnet_id":"subnet-05a5b9653ca086aac","tags":{"Name":"stw-vpc-us-west-1a"},"tags_all":{"Name":"stw-vpc-us-west-1a"}},"sensitive_attributes":[],"private":"bnVsbA==","dependencies":["data.aws_availability_zones.available","module.vpc.aws_eip.nat","module.vpc.aws_internet_gateway.this","module.vpc.aws_subnet.public","module.vpc.aws_vpc.this","module.vpc.aws_vpc_ipv4_cidr_block_association.this"]}]},{"module":"module.vpc","mode":"managed","type":"aws_route","name":"private_nat_gateway","provider":"provider[\"registry.opentofu.org/hashicorp/aws\"]","instances":[{"index_key":0,"schema_version":0,"attributes":{"carrier_gateway_id":"","core_network_arn":"","destination_cidr_block":"0.0.0.0/0","destination_ipv6_cidr_block":"","destination_prefix_list_id":"","egress_only_gateway_id":"","gateway_id":"","id":"r-rtb-0d546610aebf63e1b1080289494","instance_id":"","instance_owner_id":"","local_gateway_id":"","nat_gateway_id":"nat-0e9255b5a5d6478bb","network_interface_id":"","origin":"CreateRoute","route_table_id":"rtb-0d546610aebf63e1b","state":"active","timeouts":{"create":"5m","delete":null,"update":null},"transit_gateway_id":"","vpc_endpoint_id":"","vpc_peering_connection_id":""},"sensitive_attributes":[],"private":"eyJlMmJmYjczMC1lY2FhLTExZTYtOGY4OC0zNDM2M2JjN2M0YzAiOnsiY3JlYXRlIjozMDAwMDAwMDAwMDAsImRlbGV0ZSI6MzAwMDAwMDAwMDAwLCJ1cGRhdGUiOjEyMDAwMDAwMDAwMH19","dependencies":["data.aws_availability_zones.available","module.vpc.aws_eip.nat","module.vpc.aws_internet_gateway.this","module.vpc.aws_nat_gateway.this","module.vpc.aws_route_table.private","module.vpc.aws_subnet.public","module.vpc.aws_vpc.this","module.vpc.aws_vpc_ipv4_cidr_block_association.this"]}]},{"module":"module.vpc","mode":"managed","type":"aws_route","name":"public_internet_gateway","provider":"provider[\"registry.opentofu.org/hashicorp/aws\"]","instances":[{"index_key":0,"schema_version":0,"attributes":{"carrier_gateway_id":"","core_network_arn":"","destination_cidr_block":"0.0.0.0/0","destination_ipv6_cidr_block":"","destination_prefix_list_id":"","egress_only_gateway_id":"","gateway_id":"igw-0968b8619fa7fc2e3","id":"r-rtb-028a7b2dd7e3599411080289494","instance_id":"","instance_owner_id":"","local_gateway_id":"","nat_gateway_id":"","network_interface_id":"","origin":"CreateRoute","route_table_id":"rtb-028a7b2dd7e359941","state":"active","timeouts":{"create":"5m","delete":null,"update":null},"transit_gateway_id":"","vpc_endpoint_id":"","vpc_peering_connection_id":""},"sensitive_attributes":[],"private":"eyJlMmJmYjczMC1lY2FhLTExZTYtOGY4OC0zNDM2M2JjN2M0YzAiOnsiY3JlYXRlIjozMDAwMDAwMDAwMDAsImRlbGV0ZSI6MzAwMDAwMDAwMDAwLCJ1cGRhdGUiOjEyMDAwMDAwMDAwMH19","dependencies":["module.vpc.aws_internet_gateway.this","module.vpc.aws_route_table.public","module.vpc.aws_vpc.this","module.vpc.aws_vpc_ipv4_cidr_block_association.this"]}]},{"module":"module.vpc","mode":"managed","type":"aws_route_table","name":"private","provider":"provider[\"registry.opentofu.org/hashicorp/aws\"]","instances":[{"index_key":0,"schema_version":0,"attributes":{"arn":"arn:aws:ec2:us-west-1:368085106192:route-table/rtb-0d546610aebf63e1b","id":"rtb-0d546610aebf63e1b","owner_id":"368085106192","propagating_vgws":[],"route":[],"tags":{"Name":"stw-vpc-private"},"tags_all":{"Name":"stw-vpc-private"},"timeouts":null,"vpc_id":"vpc-0de1b4f686ccac9d6"},"sensitive_attributes":[],"private":"eyJlMmJmYjczMC1lY2FhLTExZTYtOGY4OC0zNDM2M2JjN2M0YzAiOnsiY3JlYXRlIjozMDAwMDAwMDAwMDAsImRlbGV0ZSI6MzAwMDAwMDAwMDAwLCJ1cGRhdGUiOjEyMDAwMDAwMDAwMH19","dependencies":["data.aws_availability_zones.available","module.vpc.aws_vpc.this","module.vpc.aws_vpc_ipv4_cidr_block_association.this"]}]},{"module":"module.vpc","mode":"managed","type":"aws_route_table","name":"public","provider":"provider[\"registry.opentofu.org/hashicorp/aws\"]","instances":[{"index_key":0,"schema_version":0,"attributes":{"arn":"arn:aws:ec2:us-west-1:368085106192:route-table/rtb-028a7b2dd7e359941","id":"rtb-028a7b2dd7e359941","owner_id":"368085106192","propagating_vgws":[],"route":[],"tags":{"Name":"stw-vpc-public"},"tags_all":{"Name":"stw-vpc-public"},"timeouts":null,"vpc_id":"vpc-0de1b4f686ccac9d6"},"sensitive_attributes":[],"private":"eyJlMmJmYjczMC1lY2FhLTExZTYtOGY4OC0zNDM2M2JjN2M0YzAiOnsiY3JlYXRlIjozMDAwMDAwMDAwMDAsImRlbGV0ZSI6MzAwMDAwMDAwMDAwLCJ1cGRhdGUiOjEyMDAwMDAwMDAwMH19","dependencies":["module.vpc.aws_vpc.this","module.vpc.aws_vpc_ipv4_cidr_block_association.this"]}]},{"module":"module.vpc","mode":"managed","type":"aws_route_table_association","name":"private","provider":"provider[\"registry.opentofu.org/hashicorp/aws\"]","instances":[{"index_key":0,"schema_version":0,"attributes":{"gateway_id":"","id":"rtbassoc-075d2557b19f80d28","route_table_id":"rtb-0d546610aebf63e1b","subnet_id":"subnet-0e2f5ab43f0e3149e","timeouts":null},"sensitive_attributes":[],"private":"eyJlMmJmYjczMC1lY2FhLTExZTYtOGY4OC0zNDM2M2JjN2M0YzAiOnsiY3JlYXRlIjozMDAwMDAwMDAwMDAsImRlbGV0ZSI6MzAwMDAwMDAwMDAwLCJ1cGRhdGUiOjEyMDAwMDAwMDAwMH19","dependencies":["data.aws_availability_zones.available","module.vpc.aws_route_table.private","module.vpc.aws_subnet.private","module.vpc.aws_vpc.this","module.vpc.aws_vpc_ipv4_cidr_block_association.this"]},{"index_key":1,"schema_version":0,"attributes":{"gateway_id":"","id":"rtbassoc-05020499e01fcbbfe","route_table_id":"rtb-0d546610aebf63e1b","subnet_id":"subnet-0de2cfd578cd9e9c7","timeouts":null},"sensitive_attributes":[],"private":"eyJlMmJmYjczMC1lY2FhLTExZTYtOGY4OC0zNDM2M2JjN2M0YzAiOnsiY3JlYXRlIjozMDAwMDAwMDAwMDAsImRlbGV0ZSI6MzAwMDAwMDAwMDAwLCJ1cGRhdGUiOjEyMDAwMDAwMDAwMH19","dependencies":["data.aws_availability_zones.available","module.vpc.aws_route_table.private","module.vpc.aws_subnet.private","module.vpc.aws_vpc.this","module.vpc.aws_vpc_ipv4_cidr_block_association.this"]},{"index_key":2,"schema_version":0,"attributes":{"gateway_id":"","id":"rtbassoc-02f32db0e6073397c","route_table_id":"rtb-0d546610aebf63e1b","subnet_id":"subnet-07bd17cec07a00789","timeouts":null},"sensitive_attributes":[],"private":"eyJlMmJmYjczMC1lY2FhLTExZTYtOGY4OC0zNDM2M2JjN2M0YzAiOnsiY3JlYXRlIjozMDAwMDAwMDAwMDAsImRlbGV0ZSI6MzAwMDAwMDAwMDAwLCJ1cGRhdGUiOjEyMDAwMDAwMDAwMH19","dependencies":["data.aws_availability_zones.available","module.vpc.aws_route_table.private","module.vpc.aws_subnet.private","module.vpc.aws_vpc.this","module.vpc.aws_vpc_ipv4_cidr_block_association.this"]}]},{"module":"module.vpc","mode":"managed","type":"aws_route_table_association","name":"public","provider":"provider[\"registry.opentofu.org/hashicorp/aws\"]","instances":[{"index_key":0,"schema_version":0,"attributes":{"gateway_id":"","id":"rtbassoc-01b9a6834ff22f69e","route_table_id":"rtb-028a7b2dd7e359941","subnet_id":"subnet-05a5b9653ca086aac","timeouts":null},"sensitive_attributes":[],"private":"eyJlMmJmYjczMC1lY2FhLTExZTYtOGY4OC0zNDM2M2JjN2M0YzAiOnsiY3JlYXRlIjozMDAwMDAwMDAwMDAsImRlbGV0ZSI6MzAwMDAwMDAwMDAwLCJ1cGRhdGUiOjEyMDAwMDAwMDAwMH19","dependencies":["data.aws_availability_zones.available","module.vpc.aws_route_table.public","module.vpc.aws_subnet.public","module.vpc.aws_vpc.this","module.vpc.aws_vpc_ipv4_cidr_block_association.this"]},{"index_key":1,"schema_version":0,"attributes":{"gateway_id":"","id":"rtbassoc-0268353dec3bd85aa","route_table_id":"rtb-028a7b2dd7e359941","subnet_id":"subnet-0d4e109321882db86","timeouts":null},"sensitive_attributes":[],"private":"eyJlMmJmYjczMC1lY2FhLTExZTYtOGY4OC0zNDM2M2JjN2M0YzAiOnsiY3JlYXRlIjozMDAwMDAwMDAwMDAsImRlbGV0ZSI6MzAwMDAwMDAwMDAwLCJ1cGRhdGUiOjEyMDAwMDAwMDAwMH19","dependencies":["data.aws_availability_zones.available","module.vpc.aws_route_table.public","module.vpc.aws_subnet.public","module.vpc.aws_vpc.this","module.vpc.aws_vpc_ipv4_cidr_block_association.this"]},{"index_key":2,"schema_version":0,"attributes":{"gateway_id":"","id":"rtbassoc-017fd9be98af18edd","route_table_id":"rtb-028a7b2dd7e359941","subnet_id":"subnet-0f0d2a430293f1706","timeouts":null},"sensitive_attributes":[],"private":"eyJlMmJmYjczMC1lY2FhLTExZTYtOGY4OC0zNDM2M2JjN2M0YzAiOnsiY3JlYXRlIjozMDAwMDAwMDAwMDAsImRlbGV0ZSI6MzAwMDAwMDAwMDAwLCJ1cGRhdGUiOjEyMDAwMDAwMDAwMH19","dependencies":["data.aws_availability_zones.available","module.vpc.aws_route_table.public","module.vpc.aws_subnet.public","module.vpc.aws_vpc.this","module.vpc.aws_vpc_ipv4_cidr_block_association.this"]}]},{"module":"module.vpc","mode":"managed","type":"aws_subnet","name":"private","provider":"provider[\"registry.opentofu.org/hashicorp/aws\"]","instances":[{"index_key":0,"schema_version":1,"attributes":{"arn":"arn:aws:ec2:us-west-1:368085106192:subnet/subnet-0e2f5ab43f0e3149e","assign_ipv6_address_on_creation":false,"availability_zone":"us-west-1a","availability_zone_id":"usw1-az1","cidr_block":"10.0.0.0/22","customer_owned_ipv4_pool":"","enable_dns64":false,"enable_lni_at_device_index":0,"enable_resource_name_dns_a_record_on_launch":false,"enable_resource_name_dns_aaaa_record_on_launch":false,"id":"subnet-0e2f5ab43f0e3149e","ipv6_cidr_block":"","ipv6_cidr_block_association_id":"","ipv6_native":false,"map_customer_owned_ip_on_launch":false,"map_public_ip_on_launch":false,"outpost_arn":"","owner_id":"368085106192","private_dns_hostname_type_on_launch":"ip-name","tags":{"Name":"stw-vpc-private-us-west-1a"},"tags_all":{"Name":"stw-vpc-private-us-west-1a"},"timeouts":null,"vpc_id":"vpc-0de1b4f686ccac9d6"},"sensitive_attributes":[],"private":"eyJlMmJmYjczMC1lY2FhLTExZTYtOGY4OC0zNDM2M2JjN2M0YzAiOnsiY3JlYXRlIjo2MDAwMDAwMDAwMDAsImRlbGV0ZSI6MTIwMDAwMDAwMDAwMH0sInNjaGVtYV92ZXJzaW9uIjoiMSJ9","dependencies":["data.aws_availability_zones.available","module.vpc.aws_vpc.this","module.vpc.aws_vpc_ipv4_cidr_block_association.this"],"create_before_destroy":true},{"index_key":1,"schema_version":1,"attributes":{"arn":"arn:aws:ec2:us-west-1:368085106192:subnet/subnet-0de2cfd578cd9e9c7","assign_ipv6_address_on_creation":false,"availability_zone":"us-west-1c","availability_zone_id":"usw1-az3","cidr_block":"10.0.4.0/22","customer_owned_ipv4_pool":"","enable_dns64":false,"enable_lni_at_device_index":0,"enable_resource_name_dns_a_record_on_launch":false,"enable_resource_name_dns_aaaa_record_on_launch":false,"id":"subnet-0de2cfd578cd9e9c7","ipv6_cidr_block":"","ipv6_cidr_block_association_id":"","ipv6_native":false,"map_customer_owned_ip_on_launch":false,"map_public_ip_on_launch":false,"outpost_arn":"","owner_id":"368085106192","private_dns_hostname_type_on_launch":"ip-name","tags":{"Name":"stw-vpc-private-us-west-1c"},"tags_all":{"Name":"stw-vpc-private-us-west-1c"},"timeouts":null,"vpc_id":"vpc-0de1b4f686ccac9d6"},"sensitive_attributes":[],"private":"eyJlMmJmYjczMC1lY2FhLTExZTYtOGY4OC0zNDM2M2JjN2M0YzAiOnsiY3JlYXRlIjo2MDAwMDAwMDAwMDAsImRlbGV0ZSI6MTIwMDAwMDAwMDAwMH0sInNjaGVtYV92ZXJzaW9uIjoiMSJ9","dependencies":["data.aws_availability_zones.available","module.vpc.aws_vpc.this","module.vpc.aws_vpc_ipv4_cidr_block_association.this"],"create_before_destroy":true},{"index_key":2,"schema_version":1,"attributes":{"arn":"arn:aws:ec2:us-west-1:368085106192:subnet/subnet-07bd17cec07a00789","assign_ipv6_address_on_creation":false,"availability_zone":"us-west-1a","availability_zone_id":"usw1-az1","cidr_block":"10.0.8.0/22","customer_owned_ipv4_pool":"","enable_dns64":false,"enable_lni_at_device_index":0,"enable_resource_name_dns_a_record_on_launch":false,"enable_resource_name_dns_aaaa_record_on_launch":false,"id":"subnet-07bd17cec07a00789","ipv6_cidr_block":"","ipv6_cidr_block_association_id":"","ipv6_native":false,"map_customer_owned_ip_on_launch":false,"map_public_ip_on_launch":false,"outpost_arn":"","owner_id":"368085106192","private_dns_hostname_type_on_launch":"ip-name","tags":{"Name":"stw-vpc-private-us-west-1a"},"tags_all":{"Name":"stw-vpc-private-us-west-1a"},"timeouts":null,"vpc_id":"vpc-0de1b4f686ccac9d6"},"sensitive_attributes":[],"private":"eyJlMmJmYjczMC1lY2FhLTExZTYtOGY4OC0zNDM2M2JjN2M0YzAiOnsiY3JlYXRlIjo2MDAwMDAwMDAwMDAsImRlbGV0ZSI6MTIwMDAwMDAwMDAwMH0sInNjaGVtYV92ZXJzaW9uIjoiMSJ9","dependencies":["data.aws_availability_zones.available","module.vpc.aws_vpc.this","module.vpc.aws_vpc_ipv4_cidr_block_association.this"],"create_before_destroy":true}]},{"module":"module.vpc","mode":"managed","type":"aws_subnet","name":"public","provider":"provider[\"registry.opentofu.org/hashicorp/aws\"]","instances":[{"index_key":0,"schema_version":1,"attributes":{"arn":"arn:aws:ec2:us-west-1:368085106192:subnet/subnet-05a5b9653ca086aac","assign_ipv6_address_on_creation":false,"availability_zone":"us-west-1a","availability_zone_id":"usw1-az1","cidr_block":"10.0.100.0/22","customer_owned_ipv4_pool":"","enable_dns64":false,"enable_lni_at_device_index":0,"enable_resource_name_dns_a_record_on_launch":false,"enable_resource_name_dns_aaaa_record_on_launch":false,"id":"subnet-05a5b9653ca086aac","ipv6_cidr_block":"","ipv6_cidr_block_association_id":"","ipv6_native":false,"map_customer_owned_ip_on_launch":false,"map_public_ip_on_launch":false,"outpost_arn":"","owner_id":"368085106192","private_dns_hostname_type_on_launch":"ip-name","tags":{"Name":"stw-vpc-public-us-west-1a"},"tags_all":{"Name":"stw-vpc-public-us-west-1a"},"timeouts":null,"vpc_id":"vpc-0de1b4f686ccac9d6"},"sensitive_attributes":[],"private":"eyJlMmJmYjczMC1lY2FhLTExZTYtOGY4OC0zNDM2M2JjN2M0YzAiOnsiY3JlYXRlIjo2MDAwMDAwMDAwMDAsImRlbGV0ZSI6MTIwMDAwMDAwMDAwMH0sInNjaGVtYV92ZXJzaW9uIjoiMSJ9","dependencies":["data.aws_availability_zones.available","module.vpc.aws_vpc.this","module.vpc.aws_vpc_ipv4_cidr_block_association.this"]},{"index_key":1,"schema_version":1,"attributes":{"arn":"arn:aws:ec2:us-west-1:368085106192:subnet/subnet-0d4e109321882db86","assign_ipv6_address_on_creation":false,"availability_zone":"us-west-1c","availability_zone_id":"usw1-az3","cidr_block":"10.0.104.0/22","customer_owned_ipv4_pool":"","enable_dns64":false,"enable_lni_at_device_index":0,"enable_resource_name_dns_a_record_on_launch":false,"enable_resource_name_dns_aaaa_record_on_launch":false,"id":"subnet-0d4e109321882db86","ipv6_cidr_block":"","ipv6_cidr_block_association_id":"","ipv6_native":false,"map_customer_owned_ip_on_launch":false,"map_public_ip_on_launch":false,"outpost_arn":"","owner_id":"368085106192","private_dns_hostname_type_on_launch":"ip-name","tags":{"Name":"stw-vpc-public-us-west-1c"},"tags_all":{"Name":"stw-vpc-public-us-west-1c"},"timeouts":null,"vpc_id":"vpc-0de1b4f686ccac9d6"},"sensitive_attributes":[],"private":"eyJlMmJmYjczMC1lY2FhLTExZTYtOGY4OC0zNDM2M2JjN2M0YzAiOnsiY3JlYXRlIjo2MDAwMDAwMDAwMDAsImRlbGV0ZSI6MTIwMDAwMDAwMDAwMH0sInNjaGVtYV92ZXJzaW9uIjoiMSJ9","dependencies":["data.aws_availability_zones.available","module.vpc.aws_vpc.this","module.vpc.aws_vpc_ipv4_cidr_block_association.this"]},{"index_key":2,"schema_version":1,"attributes":{"arn":"arn:aws:ec2:us-west-1:368085106192:subnet/subnet-0f0d2a430293f1706","assign_ipv6_address_on_creation":false,"availability_zone":"us-west-1a","availability_zone_id":"usw1-az1","cidr_block":"10.0.108.0/22","customer_owned_ipv4_pool":"","enable_dns64":false,"enable_lni_at_device_index":0,"enable_resource_name_dns_a_record_on_launch":false,"enable_resource_name_dns_aaaa_record_on_launch":false,"id":"subnet-0f0d2a430293f1706","ipv6_cidr_block":"","ipv6_cidr_block_association_id":"","ipv6_native":false,"map_customer_owned_ip_on_launch":false,"map_public_ip_on_launch":false,"outpost_arn":"","owner_id":"368085106192","private_dns_hostname_type_on_launch":"ip-name","tags":{"Name":"stw-vpc-public-us-west-1a"},"tags_all":{"Name":"stw-vpc-public-us-west-1a"},"timeouts":null,"vpc_id":"vpc-0de1b4f686ccac9d6"},"sensitive_attributes":[],"private":"eyJlMmJmYjczMC1lY2FhLTExZTYtOGY4OC0zNDM2M2JjN2M0YzAiOnsiY3JlYXRlIjo2MDAwMDAwMDAwMDAsImRlbGV0ZSI6MTIwMDAwMDAwMDAwMH0sInNjaGVtYV92ZXJzaW9uIjoiMSJ9","dependencies":["data.aws_availability_zones.available","module.vpc.aws_vpc.this","module.vpc.aws_vpc_ipv4_cidr_block_association.this"]}]},{"module":"module.vpc","mode":"managed","type":"aws_vpc","name":"this","provider":"provider[\"registry.opentofu.org/hashicorp/aws\"]","instances":[{"index_key":0,"schema_version":1,"attributes":{"arn":"arn:aws:ec2:us-west-1:368085106192:vpc/vpc-0de1b4f686ccac9d6","assign_generated_ipv6_cidr_block":false,"cidr_block":"10.0.0.0/16","default_network_acl_id":"acl-0d63ee9bc9cedea03","default_route_table_id":"rtb-0d9cfba8ef3a02270","default_security_group_id":"sg-0b7ea6509834b685a","dhcp_options_id":"dopt-0a1f0eda7080e3f10","enable_classiclink":false,"enable_classiclink_dns_support":false,"enable_dns_hostnames":true,"enable_dns_support":true,"enable_network_address_usage_metrics":false,"id":"vpc-0de1b4f686ccac9d6","instance_tenancy":"default","ipv4_ipam_pool_id":null,"ipv4_netmask_length":null,"ipv6_association_id":"","ipv6_cidr_block":"","ipv6_cidr_block_network_border_group":"","ipv6_ipam_pool_id":"","ipv6_netmask_length":0,"main_route_table_id":"rtb-0d9cfba8ef3a02270","owner_id":"368085106192","tags":{"Name":"stw-vpc"},"tags_all":{"Name":"stw-vpc"}},"sensitive_attributes":[],"private":"eyJzY2hlbWFfdmVyc2lvbiI6IjEifQ==","create_before_destroy":true}]},{"module":"module.vpc_cni_irsa","mode":"data","type":"aws_caller_identity","name":"current","provider":"provider[\"registry.opentofu.org/hashicorp/aws\"]","instances":[{"schema_version":0,"attributes":{"account_id":"368085106192","arn":"arn:aws:iam::368085106192:user/terraform-admin","id":"368085106192","user_id":"AIDAVLM4U7YIOWI46B5DW"},"sensitive_attributes":[]}]},{"module":"module.vpc_cni_irsa","mode":"data","type":"aws_iam_policy_document","name":"this","provider":"provider[\"registry.opentofu.org/hashicorp/aws\"]","instances":[{"index_key":0,"schema_version":0,"attributes":{"id":"1041554534","json":"{\n  \"Version\": \"2012-10-17\",\n  \"Statement\": [\n    {\n      \"Sid\": \"\",\n      \"Effect\": \"Allow\",\n      \"Action\": \"sts:AssumeRoleWithWebIdentity\",\n      \"Principal\": {\n        \"Federated\": \"arn:aws:iam::368085106192:oidc-provider/oidc.eks.us-west-1.amazonaws.com/id/793D057C71518D02818A3CC41DE6C85F\"\n      },\n      \"Condition\": {\n        \"StringEquals\": {\n          \"oidc.eks.us-west-1.amazonaws.com/id/793D057C71518D02818A3CC41DE6C85F:aud\": \"sts.amazonaws.com\",\n          \"oidc.eks.us-west-1.amazonaws.com/id/793D057C71518D02818A3CC41DE6C85F:sub\": \"system:serviceaccount:kube-system:aws-node\"\n        }\n      }\n    }\n  ]\n}","override_json":null,"override_policy_documents":null,"policy_id":null,"source_json":null,"source_policy_documents":null,"statement":[{"actions":["sts:AssumeRoleWithWebIdentity"],"condition":[{"test":"StringEquals","values":["sts.amazonaws.com"],"variable":"oidc.eks.us-west-1.amazonaws.com/id/793D057C71518D02818A3CC41DE6C85F:aud"},{"test":"StringEquals","values":["system:serviceaccount:kube-system:aws-node"],"variable":"oidc.eks.us-west-1.amazonaws.com/id/793D057C71518D02818A3CC41DE6C85F:sub"}],"effect":"Allow","not_actions":[],"not_principals":[],"not_resources":[],"principals":[{"identifiers":["arn:aws:iam::368085106192:oidc-provider/oidc.eks.us-west-1.amazonaws.com/id/793D057C71518D02818A3CC41DE6C85F"],"type":"Federated"}],"resources":[],"sid":""}],"version":"2012-10-17"},"sensitive_attributes":[]}]},{"module":"module.vpc_cni_irsa","mode":"data","type":"aws_iam_policy_document","name":"vpc_cni","provider":"provider[\"registry.opentofu.org/hashicorp/aws\"]","instances":[{"index_key":0,"schema_version":0,"attributes":{"id":"1079910255","json":"{\n  \"Version\": \"2012-10-17\",\n  \"Statement\": [\n    {\n      \"Sid\": \"IPV4\",\n      \"Effect\": \"Allow\",\n      \"Action\": [\n        \"ec2:UnassignPrivateIpAddresses\",\n        \"ec2:ModifyNetworkInterfaceAttribute\",\n        \"ec2:DetachNetworkInterface\",\n        \"ec2:DescribeTags\",\n        \"ec2:DescribeSubnets\",\n        \"ec2:DescribeNetworkInterfaces\",\n        \"ec2:DescribeInstances\",\n        \"ec2:DescribeInstanceTypes\",\n        \"ec2:DeleteNetworkInterface\",\n        \"ec2:CreateNetworkInterface\",\n        \"ec2:AttachNetworkInterface\",\n        \"ec2:AssignPrivateIpAddresses\"\n      ],\n      \"Resource\": \"*\"\n    },\n    {\n      \"Sid\": \"CreateTags\",\n      \"Effect\": \"Allow\",\n      \"Action\": \"ec2:CreateTags\",\n      \"Resource\": \"arn:aws:ec2:*:*:network-interface/*\"\n    }\n  ]\n}","override_json":null,"override_policy_documents":null,"policy_id":null,"source_json":null,"source_policy_documents":null,"statement":[{"actions":["ec2:AssignPrivateIpAddresses","ec2:AttachNetworkInterface","ec2:CreateNetworkInterface","ec2:DeleteNetworkInterface","ec2:DescribeInstanceTypes","ec2:DescribeInstances","ec2:DescribeNetworkInterfaces","ec2:DescribeSubnets","ec2:DescribeTags","ec2:DetachNetworkInterface","ec2:ModifyNetworkInterfaceAttribute","ec2:UnassignPrivateIpAddresses"],"condition":[],"effect":"Allow","not_actions":[],"not_principals":[],"not_resources":[],"principals":[],"resources":["*"],"sid":"IPV4"},{"actions":["ec2:CreateTags"],"condition":[],"effect":"Allow","not_actions":[],"not_principals":[],"not_resources":[],"principals":[],"resources":["arn:aws:ec2:*:*:network-interface/*"],"sid":"CreateTags"}],"version":"2012-10-17"},"sensitive_attributes":[]}]},{"module":"module.vpc_cni_irsa","mode":"data","type":"aws_partition","name":"current","provider":"provider[\"registry.opentofu.org/hashicorp/aws\"]","instances":[{"schema_version":0,"attributes":{"dns_suffix":"amazonaws.com","id":"aws","partition":"aws","reverse_dns_prefix":"com.amazonaws"},"sensitive_attributes":[]}]},{"module":"module.vpc_cni_irsa","mode":"data","type":"aws_region","name":"current","provider":"provider[\"registry.opentofu.org/hashicorp/aws\"]","instances":[{"schema_version":0,"attributes":{"description":"US West (N. California)","endpoint":"ec2.us-west-1.amazonaws.com","id":"us-west-1","name":"us-west-1"},"sensitive_attributes":[]}]},{"module":"module.vpc_cni_irsa","mode":"managed","type":"aws_iam_policy","name":"vpc_cni","provider":"provider[\"registry.opentofu.org/hashicorp/aws\"]","instances":[{"index_key":0,"schema_version":0,"attributes":{"arn":"arn:aws:iam::368085106192:policy/AmazonEKS_CNI_Policy-20241022211301544000000001","description":"Provides the Amazon VPC CNI Plugin (amazon-vpc-cni-k8s) the permissions it requires to modify the IPv4/IPv6 address configuration on your EKS worker nodes","id":"arn:aws:iam::368085106192:policy/AmazonEKS_CNI_Policy-20241022211301544000000001","name":"AmazonEKS_CNI_Policy-20241022211301544000000001","name_prefix":"AmazonEKS_CNI_Policy-","path":"/","policy":"{\"Statement\":[{\"Action\":[\"ec2:UnassignPrivateIpAddresses\",\"ec2:ModifyNetworkInterfaceAttribute\",\"ec2:DetachNetworkInterface\",\"ec2:DescribeTags\",\"ec2:DescribeSubnets\",\"ec2:DescribeNetworkInterfaces\",\"ec2:DescribeInstances\",\"ec2:DescribeInstanceTypes\",\"ec2:DeleteNetworkInterface\",\"ec2:CreateNetworkInterface\",\"ec2:AttachNetworkInterface\",\"ec2:AssignPrivateIpAddresses\"],\"Effect\":\"Allow\",\"Resource\":\"*\",\"Sid\":\"IPV4\"},{\"Action\":\"ec2:CreateTags\",\"Effect\":\"Allow\",\"Resource\":\"arn:aws:ec2:*:*:network-interface/*\",\"Sid\":\"CreateTags\"}],\"Version\":\"2012-10-17\"}","policy_id":"ANPAVLM4U7YIKDPZP35RA","tags":null,"tags_all":{}},"sensitive_attributes":[],"private":"bnVsbA==","dependencies":["module.vpc_cni_irsa.data.aws_iam_policy_document.vpc_cni","module.vpc_cni_irsa.data.aws_partition.current"]}]},{"module":"module.vpc_cni_irsa","mode":"managed","type":"aws_iam_role","name":"this","provider":"provider[\"registry.opentofu.org/hashicorp/aws\"]","instances":[{"index_key":0,"schema_version":0,"attributes":{"arn":"arn:aws:iam::368085106192:role/VPC-CNI-IRSA20241022212130230200000013","assume_role_policy":"{\"Statement\":[{\"Action\":\"sts:AssumeRoleWithWebIdentity\",\"Condition\":{\"StringEquals\":{\"oidc.eks.us-west-1.amazonaws.com/id/793D057C71518D02818A3CC41DE6C85F:aud\":\"sts.amazonaws.com\",\"oidc.eks.us-west-1.amazonaws.com/id/793D057C71518D02818A3CC41DE6C85F:sub\":\"system:serviceaccount:kube-system:aws-node\"}},\"Effect\":\"Allow\",\"Principal\":{\"Federated\":\"arn:aws:iam::368085106192:oidc-provider/oidc.eks.us-west-1.amazonaws.com/id/793D057C71518D02818A3CC41DE6C85F\"},\"Sid\":\"\"}],\"Version\":\"2012-10-17\"}","create_date":"2024-10-22T21:21:31Z","description":"","force_detach_policies":true,"id":"VPC-CNI-IRSA20241022212130230200000013","inline_policy":[],"managed_policy_arns":[],"max_session_duration":3600,"name":"VPC-CNI-IRSA20241022212130230200000013","name_prefix":"VPC-CNI-IRSA","path":"/","permissions_boundary":null,"role_last_used":[{"last_used_date":"","region":""}],"tags":null,"tags_all":{},"unique_id":"AROAVLM4U7YIJXH6YU7NF"},"sensitive_attributes":[],"private":"bnVsbA==","dependencies":["data.aws_availability_zones.available","module.eks.aws_cloudwatch_log_group.this","module.eks.aws_eks_cluster.this","module.eks.aws_iam_openid_connect_provider.oidc_provider","module.eks.aws_iam_policy.cni_ipv6_policy","module.eks.aws_iam_role.this","module.eks.aws_iam_role_policy_attachment.this","module.eks.aws_security_group.cluster","module.eks.aws_security_group.node","module.eks.aws_security_group_rule.cluster","module.eks.aws_security_group_rule.node","module.eks.data.aws_caller_identity.current","module.eks.data.aws_iam_policy_document.assume_role_policy","module.eks.data.aws_iam_policy_document.cni_ipv6_policy","module.eks.data.aws_iam_session_context.current","module.eks.data.aws_partition.current","module.eks.data.tls_certificate.this","module.eks.module.kms.aws_kms_external_key.this","module.eks.module.kms.aws_kms_key.this","module.eks.module.kms.aws_kms_replica_external_key.this","module.eks.module.kms.aws_kms_replica_key.this","module.eks.module.kms.data.aws_caller_identity.current","module.eks.module.kms.data.aws_iam_policy_document.this","module.eks.module.kms.data.aws_partition.current","module.vpc.aws_subnet.private","module.vpc.aws_vpc.this","module.vpc.aws_vpc_ipv4_cidr_block_association.this","module.vpc_cni_irsa.data.aws_caller_identity.current","module.vpc_cni_irsa.data.aws_iam_policy_document.this","module.vpc_cni_irsa.data.aws_partition.current"]}]},{"module":"module.vpc_cni_irsa","mode":"managed","type":"aws_iam_role_policy_attachment","name":"vpc_cni","provider":"provider[\"registry.opentofu.org/hashicorp/aws\"]","instances":[{"index_key":0,"schema_version":0,"attributes":{"id":"VPC-CNI-IRSA20241022212130230200000013-20241022212130664900000014","policy_arn":"arn:aws:iam::368085106192:policy/AmazonEKS_CNI_Policy-20241022211301544000000001","role":"VPC-CNI-IRSA20241022212130230200000013"},"sensitive_attributes":[],"private":"bnVsbA==","dependencies":["data.aws_availability_zones.available","module.eks.aws_cloudwatch_log_group.this","module.eks.aws_eks_cluster.this","module.eks.aws_iam_openid_connect_provider.oidc_provider","module.eks.aws_iam_policy.cni_ipv6_policy","module.eks.aws_iam_role.this","module.eks.aws_iam_role_policy_attachment.this","module.eks.aws_security_group.cluster","module.eks.aws_security_group.node","module.eks.aws_security_group_rule.cluster","module.eks.aws_security_group_rule.node","module.eks.data.aws_caller_identity.current","module.eks.data.aws_iam_policy_document.assume_role_policy","module.eks.data.aws_iam_policy_document.cni_ipv6_policy","module.eks.data.aws_iam_session_context.current","module.eks.data.aws_partition.current","module.eks.data.tls_certificate.this","module.eks.module.kms.aws_kms_external_key.this","module.eks.module.kms.aws_kms_key.this","module.eks.module.kms.aws_kms_replica_external_key.this","module.eks.module.kms.aws_kms_replica_key.this","module.eks.module.kms.data.aws_caller_identity.current","module.eks.module.kms.data.aws_iam_policy_document.this","module.eks.module.kms.data.aws_partition.current","module.vpc.aws_subnet.private","module.vpc.aws_vpc.this","module.vpc.aws_vpc_ipv4_cidr_block_association.this","module.vpc_cni_irsa.aws_iam_policy.vpc_cni","module.vpc_cni_irsa.aws_iam_role.this","module.vpc_cni_irsa.data.aws_caller_identity.current","module.vpc_cni_irsa.data.aws_iam_policy_document.this","module.vpc_cni_irsa.data.aws_iam_policy_document.vpc_cni","module.vpc_cni_irsa.data.aws_partition.current"]}]}],"check_results":null}
